
Microsoft Visual Studio Solution File, Format Version 12.00
# Visual Studio 14
VisualStudioVersion = 14.0.23107.0
MinimumVisualStudioVersion = 10.0.40219.1
Project("{FAE04EC0-301F-11D3-BF4B-00C04F79EFBC}") = "Lynex.BillMaster.Mobile.View", "Lynex.OCR.Common\Lynex.BillMaster.Mobile.View.csproj", "{67F9D3A8-F71E-4428-913F-C37AE82CDB24}"
EndProject
Project("{FAE04EC0-301F-11D3-BF4B-00C04F79EFBC}") = "Lynex.BillMaster.Mobile.Portable.App", "Lynex.OCR.Portable.App\Lynex.OCR.Portable.App\Lynex.BillMaster.Mobile.Portable.App.csproj", "{BA01D1D6-6A95-4548-852E-A48BAEE2DFF3}"
EndProject
Project("{FAE04EC0-301F-11D3-BF4B-00C04F79EFBC}") = "Lynex.BillMaster.Mobile.Portable.App.iOS", "Lynex.OCR.Portable.App\Lynex.OCR.Portable.App.iOS\Lynex.BillMaster.Mobile.Portable.App.iOS.csproj", "{0DA5EED7-BD8F-4801-9E90-49C2C0D6473A}"
EndProject
Project("{FAE04EC0-301F-11D3-BF4B-00C04F79EFBC}") = "Lynex.BillMaster.Mobile.Portable.App.Droid", "Lynex.OCR.Portable.App\Lynex.OCR.Portable.App.Droid\Lynex.BillMaster.Mobile.Portable.App.Droid.csproj", "{7CB64AFC-1A65-4B64-8B1E-99882A07E4FB}"
EndProject
Project("{FAE04EC0-301F-11D3-BF4B-00C04F79EFBC}") = "Lynex.BillMaster.Api", "Lynex.BillMaster.Api\Lynex.BillMaster.Api.csproj", "{2F6C1740-9C7A-408C-862A-A4FE0B19648A}"
EndProject
Project("{FAE04EC0-301F-11D3-BF4B-00C04F79EFBC}") = "Lynex.BillMaster.Api.Tests", "Lynex.BillMaster.Api.Tests\Lynex.BillMaster.Api.Tests.csproj", "{488993E2-F614-4FC9-B172-E54C067D9360}"
EndProject
Project("{2150E333-8FDC-42A3-9474-1A3956D46DE8}") = "Web", "Web", "{EFB0F607-EA54-4913-83AC-659253EEE7F8}"
EndProject
Project("{2150E333-8FDC-42A3-9474-1A3956D46DE8}") = "Notification", "Notification", "{6EAAE9C0-D2A2-473E-9A06-62C3064AA9AA}"
EndProject
Project("{FAE04EC0-301F-11D3-BF4B-00C04F79EFBC}") = "Lynex.Notification.Common", "Lynex.Notification.Common\Lynex.Notification.Common.csproj", "{E9BAE4D8-FCBD-43B0-A4BE-5DD762FBB659}"
EndProject
Project("{FAE04EC0-301F-11D3-BF4B-00C04F79EFBC}") = "Lynex.Notification.Email", "Lynex.Notification.Email\Lynex.Notification.Email.csproj", "{F36F3D6F-A168-44B7-8BD3-67CDF3ECC1D4}"
EndProject
Project("{FAE04EC0-301F-11D3-BF4B-00C04F79EFBC}") = "Lynex.Notification.SMS", "Lynex.Notification.SMS\Lynex.Notification.SMS.csproj", "{C466DA70-9FA4-4537-A9AE-5453282DD156}"
EndProject
Project("{FAE04EC0-301F-11D3-BF4B-00C04F79EFBC}") = "Lynex.BillMaster.Model", "Lynex.Model\Lynex.BillMaster.Model.csproj", "{618EF8C4-376F-4D94-AC92-D336C2041C58}"
EndProject
Project("{FAE04EC0-301F-11D3-BF4B-00C04F79EFBC}") = "Lynex.Common.Database", "Lynex.Database.Common\Lynex.Common.Database.csproj", "{54371D7E-5D3A-4A58-91CF-2D497F891FC1}"
EndProject
Project("{FAE04EC0-301F-11D3-BF4B-00C04F79EFBC}") = "Lynex.Common.Service", "Lynex.Service.Common\Lynex.Common.Service.csproj", "{4BBEA9BC-0A40-4E3A-BBD6-A0718FCA9D18}"
EndProject
Project("{FAE04EC0-301F-11D3-BF4B-00C04F79EFBC}") = "Lynex.Common.Console", "Lynex.Common.Console\Lynex.Common.Console.csproj", "{CBB544EB-7F8F-4220-8B1E-27833E7F2499}"
EndProject
Project("{FAE04EC0-301F-11D3-BF4B-00C04F79EFBC}") = "Lynex.Common.Extension", "Lynex.Common\Lynex.Common.Extension.csproj", "{DC5A98A7-E6DE-41DC-AAF8-FF08E24827B1}"
EndProject
Project("{FAE04EC0-301F-11D3-BF4B-00C04F79EFBC}") = "Lynex.Common.Model", "Lynex.Common.Model\Lynex.Common.Model.csproj", "{B57351EC-8147-4FC7-B57D-708DA025D692}"
EndProject
Project("{FAE04EC0-301F-11D3-BF4B-00C04F79EFBC}") = "Lynex.BillMaster.Service", "Lynex.BillMaster.Service\Lynex.BillMaster.Service.csproj", "{CFF938C4-4B9C-459E-B659-C9505DEEABA4}"
EndProject
Project("{FAE04EC0-301F-11D3-BF4B-00C04F79EFBC}") = "Lynex.BillMaster.Repository", "Lynex.BillMaster.Repository\Lynex.BillMaster.Repository.csproj", "{C21179CB-F4E9-4401-ADC3-45751DE80E67}"
EndProject
Project("{FAE04EC0-301F-11D3-BF4B-00C04F79EFBC}") = "Lynex.BillMaster.Extension", "Lynex.BillMaster.Extension\Lynex.BillMaster.Extension.csproj", "{7666726F-E1ED-417A-A1C7-1EC6DC067C2D}"
EndProject
Project("{2150E333-8FDC-42A3-9474-1A3956D46DE8}") = "Common", "Common", "{77813152-3648-481D-B9B4-FD62B2826474}"
EndProject
Project("{2150E333-8FDC-42A3-9474-1A3956D46DE8}") = "BillMaster", "BillMaster", "{1F35BABA-F7D8-48ED-8025-D9B69CEE43BD}"
EndProject
Project("{FAE04EC0-301F-11D3-BF4B-00C04F79EFBC}") = "Lynex.BillMaster.Exception", "Lynex.BillMaster.Exception\Lynex.BillMaster.Exception.csproj", "{9A45D4AC-C923-4D0F-82E9-D8EB40FDF916}"
EndProject
Project("{FAE04EC0-301F-11D3-BF4B-00C04F79EFBC}") = "Lynex.Common.Exception", "Lynex.Common.Exception\Lynex.Common.Exception.csproj", "{7A8862DA-1520-4D76-9149-5AF87277394E}"
EndProject
Project("{FAE04EC0-301F-11D3-BF4B-00C04F79EFBC}") = "Lynex.BillMaster.Admin.Repository", "Lynex.BillMaster.Admin.Repository\Lynex.BillMaster.Admin.Repository.csproj", "{E31290EE-C76B-447F-BE7D-1E8C9822211E}"
EndProject
Project("{FAE04EC0-301F-11D3-BF4B-00C04F79EFBC}") = "Lynex.BillMaster.Admin.Service", "Lynex.BillMaster.Admin.Service\Lynex.BillMaster.Admin.Service.csproj", "{8F8ECD46-B8F1-42E4-BF9D-2041100B2936}"
EndProject
Project("{FAE04EC0-301F-11D3-BF4B-00C04F79EFBC}") = "Lynex.BillMaster.Database", "Lynex.BillMaster.Database\Lynex.BillMaster.Database.csproj", "{3508B0A7-DCEA-4A9C-9BF7-07FF92C7C160}"
EndProject
Project("{FAE04EC0-301F-11D3-BF4B-00C04F79EFBC}") = "Lynex.BillMaster.Mobile.ViewModel", "Lynex.BillMaster.Mobile.ViewModel\Lynex.BillMaster.Mobile.ViewModel.csproj", "{5899C287-867E-4CB9-AF85-DC41AA303710}"
EndProject
Project("{2150E333-8FDC-42A3-9474-1A3956D46DE8}") = "BillMaster.Mobile", "BillMaster.Mobile", "{BC5F284D-28AF-4F22-8B3B-19C277E32EF0}"
EndProject
Project("{FAE04EC0-301F-11D3-BF4B-00C04F79EFBC}") = "Lynex.Mobile.Forms", "Lynex.BillMaster.Mobile.Controller\Lynex.Mobile.Forms.csproj", "{D1AA1965-50C4-43C0-B132-33D3D1E37F83}"
EndProject
Project("{2150E333-8FDC-42A3-9474-1A3956D46DE8}") = "Mobile", "Mobile", "{A3860CF9-6D27-4FEA-98F3-4F084D5FF955}"
EndProject
Project("{FAE04EC0-301F-11D3-BF4B-00C04F79EFBC}") = "Lynex.Common.Model.AspNet.Identity", "Lynex.Common.Model.AspNet.Identity\Lynex.Common.Model.AspNet.Identity.csproj", "{3DE566D9-F5BB-40CA-BE01-9722016AD0C7}"
EndProject
Project("{FAE04EC0-301F-11D3-BF4B-00C04F79EFBC}") = "Lynex.BillMaster.Mobile.Service", "Lynex.BillMaster.Mobile.Service\Lynex.BillMaster.Mobile.Service.csproj", "{7B4C58EC-7824-48B0-BBD5-71C7FF4F9B1A}"
EndProject
Project("{FAE04EC0-301F-11D3-BF4B-00C04F79EFBC}") = "Lynex.AspNet.Identity", "Lynex.AspNet.Identity\Lynex.AspNet.Identity.csproj", "{43F03CBF-ACE3-4A84-9B51-0B3433039377}"
EndProject
Project("{FAE04EC0-301F-11D3-BF4B-00C04F79EFBC}") = "Lynex.AspNet.Identity.Owin", "Lynex.AspNet.Identity.Owin\Lynex.AspNet.Identity.Owin.csproj", "{10C59BEE-97CC-403D-9438-2DF54BEF0D92}"
EndProject
Global
	GlobalSection(SolutionConfigurationPlatforms) = preSolution
		Ad-Hoc|Any CPU = Ad-Hoc|Any CPU
		Ad-Hoc|iPhone = Ad-Hoc|iPhone
		Ad-Hoc|iPhoneSimulator = Ad-Hoc|iPhoneSimulator
		AppStore|Any CPU = AppStore|Any CPU
		AppStore|iPhone = AppStore|iPhone
		AppStore|iPhoneSimulator = AppStore|iPhoneSimulator
		Debug|Any CPU = Debug|Any CPU
		Debug|iPhone = Debug|iPhone
		Debug|iPhoneSimulator = Debug|iPhoneSimulator
		Release|Any CPU = Release|Any CPU
		Release|iPhone = Release|iPhone
		Release|iPhoneSimulator = Release|iPhoneSimulator
	EndGlobalSection
	GlobalSection(ProjectConfigurationPlatforms) = postSolution
		{67F9D3A8-F71E-4428-913F-C37AE82CDB24}.Ad-Hoc|Any CPU.ActiveCfg = Release|Any CPU
		{67F9D3A8-F71E-4428-913F-C37AE82CDB24}.Ad-Hoc|Any CPU.Build.0 = Release|Any CPU
		{67F9D3A8-F71E-4428-913F-C37AE82CDB24}.Ad-Hoc|iPhone.ActiveCfg = Release|Any CPU
		{67F9D3A8-F71E-4428-913F-C37AE82CDB24}.Ad-Hoc|iPhone.Build.0 = Release|Any CPU
		{67F9D3A8-F71E-4428-913F-C37AE82CDB24}.Ad-Hoc|iPhoneSimulator.ActiveCfg = Release|Any CPU
		{67F9D3A8-F71E-4428-913F-C37AE82CDB24}.Ad-Hoc|iPhoneSimulator.Build.0 = Release|Any CPU
		{67F9D3A8-F71E-4428-913F-C37AE82CDB24}.AppStore|Any CPU.ActiveCfg = Release|Any CPU
		{67F9D3A8-F71E-4428-913F-C37AE82CDB24}.AppStore|Any CPU.Build.0 = Release|Any CPU
		{67F9D3A8-F71E-4428-913F-C37AE82CDB24}.AppStore|iPhone.ActiveCfg = Release|Any CPU
		{67F9D3A8-F71E-4428-913F-C37AE82CDB24}.AppStore|iPhone.Build.0 = Release|Any CPU
		{67F9D3A8-F71E-4428-913F-C37AE82CDB24}.AppStore|iPhoneSimulator.ActiveCfg = Release|Any CPU
		{67F9D3A8-F71E-4428-913F-C37AE82CDB24}.AppStore|iPhoneSimulator.Build.0 = Release|Any CPU
		{67F9D3A8-F71E-4428-913F-C37AE82CDB24}.Debug|Any CPU.ActiveCfg = Debug|Any CPU
		{67F9D3A8-F71E-4428-913F-C37AE82CDB24}.Debug|Any CPU.Build.0 = Debug|Any CPU
		{67F9D3A8-F71E-4428-913F-C37AE82CDB24}.Debug|iPhone.ActiveCfg = Debug|Any CPU
		{67F9D3A8-F71E-4428-913F-C37AE82CDB24}.Debug|iPhone.Build.0 = Debug|Any CPU
		{67F9D3A8-F71E-4428-913F-C37AE82CDB24}.Debug|iPhoneSimulator.ActiveCfg = Debug|Any CPU
		{67F9D3A8-F71E-4428-913F-C37AE82CDB24}.Debug|iPhoneSimulator.Build.0 = Debug|Any CPU
		{67F9D3A8-F71E-4428-913F-C37AE82CDB24}.Release|Any CPU.ActiveCfg = Release|Any CPU
		{67F9D3A8-F71E-4428-913F-C37AE82CDB24}.Release|Any CPU.Build.0 = Release|Any CPU
		{67F9D3A8-F71E-4428-913F-C37AE82CDB24}.Release|iPhone.ActiveCfg = Release|Any CPU
		{67F9D3A8-F71E-4428-913F-C37AE82CDB24}.Release|iPhone.Build.0 = Release|Any CPU
		{67F9D3A8-F71E-4428-913F-C37AE82CDB24}.Release|iPhoneSimulator.ActiveCfg = Release|Any CPU
		{67F9D3A8-F71E-4428-913F-C37AE82CDB24}.Release|iPhoneSimulator.Build.0 = Release|Any CPU
		{BA01D1D6-6A95-4548-852E-A48BAEE2DFF3}.Ad-Hoc|Any CPU.ActiveCfg = Release|Any CPU
		{BA01D1D6-6A95-4548-852E-A48BAEE2DFF3}.Ad-Hoc|Any CPU.Build.0 = Release|Any CPU
		{BA01D1D6-6A95-4548-852E-A48BAEE2DFF3}.Ad-Hoc|iPhone.ActiveCfg = Release|Any CPU
		{BA01D1D6-6A95-4548-852E-A48BAEE2DFF3}.Ad-Hoc|iPhone.Build.0 = Release|Any CPU
		{BA01D1D6-6A95-4548-852E-A48BAEE2DFF3}.Ad-Hoc|iPhoneSimulator.ActiveCfg = Release|Any CPU
		{BA01D1D6-6A95-4548-852E-A48BAEE2DFF3}.Ad-Hoc|iPhoneSimulator.Build.0 = Release|Any CPU
		{BA01D1D6-6A95-4548-852E-A48BAEE2DFF3}.AppStore|Any CPU.ActiveCfg = Release|Any CPU
		{BA01D1D6-6A95-4548-852E-A48BAEE2DFF3}.AppStore|Any CPU.Build.0 = Release|Any CPU
		{BA01D1D6-6A95-4548-852E-A48BAEE2DFF3}.AppStore|iPhone.ActiveCfg = Release|Any CPU
		{BA01D1D6-6A95-4548-852E-A48BAEE2DFF3}.AppStore|iPhone.Build.0 = Release|Any CPU
		{BA01D1D6-6A95-4548-852E-A48BAEE2DFF3}.AppStore|iPhoneSimulator.ActiveCfg = Release|Any CPU
		{BA01D1D6-6A95-4548-852E-A48BAEE2DFF3}.AppStore|iPhoneSimulator.Build.0 = Release|Any CPU
		{BA01D1D6-6A95-4548-852E-A48BAEE2DFF3}.Debug|Any CPU.ActiveCfg = Debug|Any CPU
		{BA01D1D6-6A95-4548-852E-A48BAEE2DFF3}.Debug|Any CPU.Build.0 = Debug|Any CPU
		{BA01D1D6-6A95-4548-852E-A48BAEE2DFF3}.Debug|iPhone.ActiveCfg = Debug|Any CPU
		{BA01D1D6-6A95-4548-852E-A48BAEE2DFF3}.Debug|iPhone.Build.0 = Debug|Any CPU
		{BA01D1D6-6A95-4548-852E-A48BAEE2DFF3}.Debug|iPhoneSimulator.ActiveCfg = Debug|Any CPU
		{BA01D1D6-6A95-4548-852E-A48BAEE2DFF3}.Debug|iPhoneSimulator.Build.0 = Debug|Any CPU
		{BA01D1D6-6A95-4548-852E-A48BAEE2DFF3}.Release|Any CPU.ActiveCfg = Release|Any CPU
		{BA01D1D6-6A95-4548-852E-A48BAEE2DFF3}.Release|Any CPU.Build.0 = Release|Any CPU
		{BA01D1D6-6A95-4548-852E-A48BAEE2DFF3}.Release|iPhone.ActiveCfg = Release|Any CPU
		{BA01D1D6-6A95-4548-852E-A48BAEE2DFF3}.Release|iPhone.Build.0 = Release|Any CPU
		{BA01D1D6-6A95-4548-852E-A48BAEE2DFF3}.Release|iPhoneSimulator.ActiveCfg = Release|Any CPU
		{BA01D1D6-6A95-4548-852E-A48BAEE2DFF3}.Release|iPhoneSimulator.Build.0 = Release|Any CPU
		{0DA5EED7-BD8F-4801-9E90-49C2C0D6473A}.Ad-Hoc|Any CPU.ActiveCfg = Ad-Hoc|iPhone
		{0DA5EED7-BD8F-4801-9E90-49C2C0D6473A}.Ad-Hoc|iPhone.ActiveCfg = Ad-Hoc|iPhone
		{0DA5EED7-BD8F-4801-9E90-49C2C0D6473A}.Ad-Hoc|iPhone.Build.0 = Ad-Hoc|iPhone
		{0DA5EED7-BD8F-4801-9E90-49C2C0D6473A}.Ad-Hoc|iPhoneSimulator.ActiveCfg = Ad-Hoc|iPhoneSimulator
		{0DA5EED7-BD8F-4801-9E90-49C2C0D6473A}.Ad-Hoc|iPhoneSimulator.Build.0 = Ad-Hoc|iPhoneSimulator
		{0DA5EED7-BD8F-4801-9E90-49C2C0D6473A}.AppStore|Any CPU.ActiveCfg = AppStore|iPhone
		{0DA5EED7-BD8F-4801-9E90-49C2C0D6473A}.AppStore|iPhone.ActiveCfg = AppStore|iPhone
		{0DA5EED7-BD8F-4801-9E90-49C2C0D6473A}.AppStore|iPhone.Build.0 = AppStore|iPhone
		{0DA5EED7-BD8F-4801-9E90-49C2C0D6473A}.AppStore|iPhoneSimulator.ActiveCfg = AppStore|iPhoneSimulator
		{0DA5EED7-BD8F-4801-9E90-49C2C0D6473A}.AppStore|iPhoneSimulator.Build.0 = AppStore|iPhoneSimulator
		{0DA5EED7-BD8F-4801-9E90-49C2C0D6473A}.Debug|Any CPU.ActiveCfg = Debug|iPhone
		{0DA5EED7-BD8F-4801-9E90-49C2C0D6473A}.Debug|iPhone.ActiveCfg = Debug|iPhone
		{0DA5EED7-BD8F-4801-9E90-49C2C0D6473A}.Debug|iPhone.Build.0 = Debug|iPhone
		{0DA5EED7-BD8F-4801-9E90-49C2C0D6473A}.Debug|iPhoneSimulator.ActiveCfg = Debug|iPhoneSimulator
		{0DA5EED7-BD8F-4801-9E90-49C2C0D6473A}.Debug|iPhoneSimulator.Build.0 = Debug|iPhoneSimulator
		{0DA5EED7-BD8F-4801-9E90-49C2C0D6473A}.Release|Any CPU.ActiveCfg = Release|iPhone
		{0DA5EED7-BD8F-4801-9E90-49C2C0D6473A}.Release|iPhone.ActiveCfg = Release|iPhone
		{0DA5EED7-BD8F-4801-9E90-49C2C0D6473A}.Release|iPhone.Build.0 = Release|iPhone
		{0DA5EED7-BD8F-4801-9E90-49C2C0D6473A}.Release|iPhoneSimulator.ActiveCfg = Release|iPhoneSimulator
		{0DA5EED7-BD8F-4801-9E90-49C2C0D6473A}.Release|iPhoneSimulator.Build.0 = Release|iPhoneSimulator
		{7CB64AFC-1A65-4B64-8B1E-99882A07E4FB}.Ad-Hoc|Any CPU.ActiveCfg = Release|Any CPU
		{7CB64AFC-1A65-4B64-8B1E-99882A07E4FB}.Ad-Hoc|Any CPU.Build.0 = Release|Any CPU
		{7CB64AFC-1A65-4B64-8B1E-99882A07E4FB}.Ad-Hoc|Any CPU.Deploy.0 = Release|Any CPU
		{7CB64AFC-1A65-4B64-8B1E-99882A07E4FB}.Ad-Hoc|iPhone.ActiveCfg = Release|Any CPU
		{7CB64AFC-1A65-4B64-8B1E-99882A07E4FB}.Ad-Hoc|iPhone.Build.0 = Release|Any CPU
		{7CB64AFC-1A65-4B64-8B1E-99882A07E4FB}.Ad-Hoc|iPhone.Deploy.0 = Release|Any CPU
		{7CB64AFC-1A65-4B64-8B1E-99882A07E4FB}.Ad-Hoc|iPhoneSimulator.ActiveCfg = Release|Any CPU
		{7CB64AFC-1A65-4B64-8B1E-99882A07E4FB}.Ad-Hoc|iPhoneSimulator.Build.0 = Release|Any CPU
		{7CB64AFC-1A65-4B64-8B1E-99882A07E4FB}.Ad-Hoc|iPhoneSimulator.Deploy.0 = Release|Any CPU
		{7CB64AFC-1A65-4B64-8B1E-99882A07E4FB}.AppStore|Any CPU.ActiveCfg = Release|Any CPU
		{7CB64AFC-1A65-4B64-8B1E-99882A07E4FB}.AppStore|Any CPU.Build.0 = Release|Any CPU
		{7CB64AFC-1A65-4B64-8B1E-99882A07E4FB}.AppStore|Any CPU.Deploy.0 = Release|Any CPU
		{7CB64AFC-1A65-4B64-8B1E-99882A07E4FB}.AppStore|iPhone.ActiveCfg = Release|Any CPU
		{7CB64AFC-1A65-4B64-8B1E-99882A07E4FB}.AppStore|iPhone.Build.0 = Release|Any CPU
		{7CB64AFC-1A65-4B64-8B1E-99882A07E4FB}.AppStore|iPhone.Deploy.0 = Release|Any CPU
		{7CB64AFC-1A65-4B64-8B1E-99882A07E4FB}.AppStore|iPhoneSimulator.ActiveCfg = Release|Any CPU
		{7CB64AFC-1A65-4B64-8B1E-99882A07E4FB}.AppStore|iPhoneSimulator.Build.0 = Release|Any CPU
		{7CB64AFC-1A65-4B64-8B1E-99882A07E4FB}.AppStore|iPhoneSimulator.Deploy.0 = Release|Any CPU
		{7CB64AFC-1A65-4B64-8B1E-99882A07E4FB}.Debug|Any CPU.ActiveCfg = Debug|Any CPU
		{7CB64AFC-1A65-4B64-8B1E-99882A07E4FB}.Debug|Any CPU.Build.0 = Debug|Any CPU
		{7CB64AFC-1A65-4B64-8B1E-99882A07E4FB}.Debug|Any CPU.Deploy.0 = Debug|Any CPU
		{7CB64AFC-1A65-4B64-8B1E-99882A07E4FB}.Debug|iPhone.ActiveCfg = Debug|Any CPU
		{7CB64AFC-1A65-4B64-8B1E-99882A07E4FB}.Debug|iPhone.Build.0 = Debug|Any CPU
		{7CB64AFC-1A65-4B64-8B1E-99882A07E4FB}.Debug|iPhone.Deploy.0 = Debug|Any CPU
		{7CB64AFC-1A65-4B64-8B1E-99882A07E4FB}.Debug|iPhoneSimulator.ActiveCfg = Debug|Any CPU
		{7CB64AFC-1A65-4B64-8B1E-99882A07E4FB}.Debug|iPhoneSimulator.Build.0 = Debug|Any CPU
		{7CB64AFC-1A65-4B64-8B1E-99882A07E4FB}.Debug|iPhoneSimulator.Deploy.0 = Debug|Any CPU
		{7CB64AFC-1A65-4B64-8B1E-99882A07E4FB}.Release|Any CPU.ActiveCfg = Release|Any CPU
		{7CB64AFC-1A65-4B64-8B1E-99882A07E4FB}.Release|Any CPU.Build.0 = Release|Any CPU
		{7CB64AFC-1A65-4B64-8B1E-99882A07E4FB}.Release|Any CPU.Deploy.0 = Release|Any CPU
		{7CB64AFC-1A65-4B64-8B1E-99882A07E4FB}.Release|iPhone.ActiveCfg = Release|Any CPU
		{7CB64AFC-1A65-4B64-8B1E-99882A07E4FB}.Release|iPhone.Build.0 = Release|Any CPU
		{7CB64AFC-1A65-4B64-8B1E-99882A07E4FB}.Release|iPhone.Deploy.0 = Release|Any CPU
		{7CB64AFC-1A65-4B64-8B1E-99882A07E4FB}.Release|iPhoneSimulator.ActiveCfg = Release|Any CPU
		{7CB64AFC-1A65-4B64-8B1E-99882A07E4FB}.Release|iPhoneSimulator.Build.0 = Release|Any CPU
		{7CB64AFC-1A65-4B64-8B1E-99882A07E4FB}.Release|iPhoneSimulator.Deploy.0 = Release|Any CPU
		{2F6C1740-9C7A-408C-862A-A4FE0B19648A}.Ad-Hoc|Any CPU.ActiveCfg = Release|Any CPU
		{2F6C1740-9C7A-408C-862A-A4FE0B19648A}.Ad-Hoc|Any CPU.Build.0 = Release|Any CPU
		{2F6C1740-9C7A-408C-862A-A4FE0B19648A}.Ad-Hoc|iPhone.ActiveCfg = Release|Any CPU
		{2F6C1740-9C7A-408C-862A-A4FE0B19648A}.Ad-Hoc|iPhone.Build.0 = Release|Any CPU
		{2F6C1740-9C7A-408C-862A-A4FE0B19648A}.Ad-Hoc|iPhoneSimulator.ActiveCfg = Release|Any CPU
		{2F6C1740-9C7A-408C-862A-A4FE0B19648A}.Ad-Hoc|iPhoneSimulator.Build.0 = Release|Any CPU
		{2F6C1740-9C7A-408C-862A-A4FE0B19648A}.AppStore|Any CPU.ActiveCfg = Release|Any CPU
		{2F6C1740-9C7A-408C-862A-A4FE0B19648A}.AppStore|Any CPU.Build.0 = Release|Any CPU
		{2F6C1740-9C7A-408C-862A-A4FE0B19648A}.AppStore|iPhone.ActiveCfg = Release|Any CPU
		{2F6C1740-9C7A-408C-862A-A4FE0B19648A}.AppStore|iPhone.Build.0 = Release|Any CPU
		{2F6C1740-9C7A-408C-862A-A4FE0B19648A}.AppStore|iPhoneSimulator.ActiveCfg = Release|Any CPU
		{2F6C1740-9C7A-408C-862A-A4FE0B19648A}.AppStore|iPhoneSimulator.Build.0 = Release|Any CPU
		{2F6C1740-9C7A-408C-862A-A4FE0B19648A}.Debug|Any CPU.ActiveCfg = Debug|Any CPU
		{2F6C1740-9C7A-408C-862A-A4FE0B19648A}.Debug|Any CPU.Build.0 = Debug|Any CPU
		{2F6C1740-9C7A-408C-862A-A4FE0B19648A}.Debug|iPhone.ActiveCfg = Debug|Any CPU
		{2F6C1740-9C7A-408C-862A-A4FE0B19648A}.Debug|iPhone.Build.0 = Debug|Any CPU
		{2F6C1740-9C7A-408C-862A-A4FE0B19648A}.Debug|iPhoneSimulator.ActiveCfg = Debug|Any CPU
		{2F6C1740-9C7A-408C-862A-A4FE0B19648A}.Debug|iPhoneSimulator.Build.0 = Debug|Any CPU
		{2F6C1740-9C7A-408C-862A-A4FE0B19648A}.Release|Any CPU.ActiveCfg = Release|Any CPU
		{2F6C1740-9C7A-408C-862A-A4FE0B19648A}.Release|Any CPU.Build.0 = Release|Any CPU
		{2F6C1740-9C7A-408C-862A-A4FE0B19648A}.Release|iPhone.ActiveCfg = Release|Any CPU
		{2F6C1740-9C7A-408C-862A-A4FE0B19648A}.Release|iPhone.Build.0 = Release|Any CPU
		{2F6C1740-9C7A-408C-862A-A4FE0B19648A}.Release|iPhoneSimulator.ActiveCfg = Release|Any CPU
		{2F6C1740-9C7A-408C-862A-A4FE0B19648A}.Release|iPhoneSimulator.Build.0 = Release|Any CPU
		{488993E2-F614-4FC9-B172-E54C067D9360}.Ad-Hoc|Any CPU.ActiveCfg = Release|Any CPU
		{488993E2-F614-4FC9-B172-E54C067D9360}.Ad-Hoc|Any CPU.Build.0 = Release|Any CPU
		{488993E2-F614-4FC9-B172-E54C067D9360}.Ad-Hoc|iPhone.ActiveCfg = Release|Any CPU
		{488993E2-F614-4FC9-B172-E54C067D9360}.Ad-Hoc|iPhone.Build.0 = Release|Any CPU
		{488993E2-F614-4FC9-B172-E54C067D9360}.Ad-Hoc|iPhoneSimulator.ActiveCfg = Release|Any CPU
		{488993E2-F614-4FC9-B172-E54C067D9360}.Ad-Hoc|iPhoneSimulator.Build.0 = Release|Any CPU
		{488993E2-F614-4FC9-B172-E54C067D9360}.AppStore|Any CPU.ActiveCfg = Release|Any CPU
		{488993E2-F614-4FC9-B172-E54C067D9360}.AppStore|Any CPU.Build.0 = Release|Any CPU
		{488993E2-F614-4FC9-B172-E54C067D9360}.AppStore|iPhone.ActiveCfg = Release|Any CPU
		{488993E2-F614-4FC9-B172-E54C067D9360}.AppStore|iPhone.Build.0 = Release|Any CPU
		{488993E2-F614-4FC9-B172-E54C067D9360}.AppStore|iPhoneSimulator.ActiveCfg = Release|Any CPU
		{488993E2-F614-4FC9-B172-E54C067D9360}.AppStore|iPhoneSimulator.Build.0 = Release|Any CPU
		{488993E2-F614-4FC9-B172-E54C067D9360}.Debug|Any CPU.ActiveCfg = Debug|Any CPU
		{488993E2-F614-4FC9-B172-E54C067D9360}.Debug|Any CPU.Build.0 = Debug|Any CPU
		{488993E2-F614-4FC9-B172-E54C067D9360}.Debug|iPhone.ActiveCfg = Debug|Any CPU
		{488993E2-F614-4FC9-B172-E54C067D9360}.Debug|iPhone.Build.0 = Debug|Any CPU
		{488993E2-F614-4FC9-B172-E54C067D9360}.Debug|iPhoneSimulator.ActiveCfg = Debug|Any CPU
		{488993E2-F614-4FC9-B172-E54C067D9360}.Debug|iPhoneSimulator.Build.0 = Debug|Any CPU
		{488993E2-F614-4FC9-B172-E54C067D9360}.Release|Any CPU.ActiveCfg = Release|Any CPU
		{488993E2-F614-4FC9-B172-E54C067D9360}.Release|Any CPU.Build.0 = Release|Any CPU
		{488993E2-F614-4FC9-B172-E54C067D9360}.Release|iPhone.ActiveCfg = Release|Any CPU
		{488993E2-F614-4FC9-B172-E54C067D9360}.Release|iPhone.Build.0 = Release|Any CPU
		{488993E2-F614-4FC9-B172-E54C067D9360}.Release|iPhoneSimulator.ActiveCfg = Release|Any CPU
		{488993E2-F614-4FC9-B172-E54C067D9360}.Release|iPhoneSimulator.Build.0 = Release|Any CPU
		{E9BAE4D8-FCBD-43B0-A4BE-5DD762FBB659}.Ad-Hoc|Any CPU.ActiveCfg = Release|Any CPU
		{E9BAE4D8-FCBD-43B0-A4BE-5DD762FBB659}.Ad-Hoc|Any CPU.Build.0 = Release|Any CPU
		{E9BAE4D8-FCBD-43B0-A4BE-5DD762FBB659}.Ad-Hoc|iPhone.ActiveCfg = Release|Any CPU
		{E9BAE4D8-FCBD-43B0-A4BE-5DD762FBB659}.Ad-Hoc|iPhone.Build.0 = Release|Any CPU
		{E9BAE4D8-FCBD-43B0-A4BE-5DD762FBB659}.Ad-Hoc|iPhoneSimulator.ActiveCfg = Release|Any CPU
		{E9BAE4D8-FCBD-43B0-A4BE-5DD762FBB659}.Ad-Hoc|iPhoneSimulator.Build.0 = Release|Any CPU
		{E9BAE4D8-FCBD-43B0-A4BE-5DD762FBB659}.AppStore|Any CPU.ActiveCfg = Release|Any CPU
		{E9BAE4D8-FCBD-43B0-A4BE-5DD762FBB659}.AppStore|Any CPU.Build.0 = Release|Any CPU
		{E9BAE4D8-FCBD-43B0-A4BE-5DD762FBB659}.AppStore|iPhone.ActiveCfg = Release|Any CPU
		{E9BAE4D8-FCBD-43B0-A4BE-5DD762FBB659}.AppStore|iPhone.Build.0 = Release|Any CPU
		{E9BAE4D8-FCBD-43B0-A4BE-5DD762FBB659}.AppStore|iPhoneSimulator.ActiveCfg = Release|Any CPU
		{E9BAE4D8-FCBD-43B0-A4BE-5DD762FBB659}.AppStore|iPhoneSimulator.Build.0 = Release|Any CPU
		{E9BAE4D8-FCBD-43B0-A4BE-5DD762FBB659}.Debug|Any CPU.ActiveCfg = Debug|Any CPU
		{E9BAE4D8-FCBD-43B0-A4BE-5DD762FBB659}.Debug|Any CPU.Build.0 = Debug|Any CPU
		{E9BAE4D8-FCBD-43B0-A4BE-5DD762FBB659}.Debug|iPhone.ActiveCfg = Debug|Any CPU
		{E9BAE4D8-FCBD-43B0-A4BE-5DD762FBB659}.Debug|iPhone.Build.0 = Debug|Any CPU
		{E9BAE4D8-FCBD-43B0-A4BE-5DD762FBB659}.Debug|iPhoneSimulator.ActiveCfg = Debug|Any CPU
		{E9BAE4D8-FCBD-43B0-A4BE-5DD762FBB659}.Debug|iPhoneSimulator.Build.0 = Debug|Any CPU
		{E9BAE4D8-FCBD-43B0-A4BE-5DD762FBB659}.Release|Any CPU.ActiveCfg = Release|Any CPU
		{E9BAE4D8-FCBD-43B0-A4BE-5DD762FBB659}.Release|Any CPU.Build.0 = Release|Any CPU
		{E9BAE4D8-FCBD-43B0-A4BE-5DD762FBB659}.Release|iPhone.ActiveCfg = Release|Any CPU
		{E9BAE4D8-FCBD-43B0-A4BE-5DD762FBB659}.Release|iPhone.Build.0 = Release|Any CPU
		{E9BAE4D8-FCBD-43B0-A4BE-5DD762FBB659}.Release|iPhoneSimulator.ActiveCfg = Release|Any CPU
		{E9BAE4D8-FCBD-43B0-A4BE-5DD762FBB659}.Release|iPhoneSimulator.Build.0 = Release|Any CPU
		{F36F3D6F-A168-44B7-8BD3-67CDF3ECC1D4}.Ad-Hoc|Any CPU.ActiveCfg = Release|Any CPU
		{F36F3D6F-A168-44B7-8BD3-67CDF3ECC1D4}.Ad-Hoc|Any CPU.Build.0 = Release|Any CPU
		{F36F3D6F-A168-44B7-8BD3-67CDF3ECC1D4}.Ad-Hoc|iPhone.ActiveCfg = Release|Any CPU
		{F36F3D6F-A168-44B7-8BD3-67CDF3ECC1D4}.Ad-Hoc|iPhone.Build.0 = Release|Any CPU
		{F36F3D6F-A168-44B7-8BD3-67CDF3ECC1D4}.Ad-Hoc|iPhoneSimulator.ActiveCfg = Release|Any CPU
		{F36F3D6F-A168-44B7-8BD3-67CDF3ECC1D4}.Ad-Hoc|iPhoneSimulator.Build.0 = Release|Any CPU
		{F36F3D6F-A168-44B7-8BD3-67CDF3ECC1D4}.AppStore|Any CPU.ActiveCfg = Release|Any CPU
		{F36F3D6F-A168-44B7-8BD3-67CDF3ECC1D4}.AppStore|Any CPU.Build.0 = Release|Any CPU
		{F36F3D6F-A168-44B7-8BD3-67CDF3ECC1D4}.AppStore|iPhone.ActiveCfg = Release|Any CPU
		{F36F3D6F-A168-44B7-8BD3-67CDF3ECC1D4}.AppStore|iPhone.Build.0 = Release|Any CPU
		{F36F3D6F-A168-44B7-8BD3-67CDF3ECC1D4}.AppStore|iPhoneSimulator.ActiveCfg = Release|Any CPU
		{F36F3D6F-A168-44B7-8BD3-67CDF3ECC1D4}.AppStore|iPhoneSimulator.Build.0 = Release|Any CPU
		{F36F3D6F-A168-44B7-8BD3-67CDF3ECC1D4}.Debug|Any CPU.ActiveCfg = Debug|Any CPU
		{F36F3D6F-A168-44B7-8BD3-67CDF3ECC1D4}.Debug|Any CPU.Build.0 = Debug|Any CPU
		{F36F3D6F-A168-44B7-8BD3-67CDF3ECC1D4}.Debug|iPhone.ActiveCfg = Debug|Any CPU
		{F36F3D6F-A168-44B7-8BD3-67CDF3ECC1D4}.Debug|iPhone.Build.0 = Debug|Any CPU
		{F36F3D6F-A168-44B7-8BD3-67CDF3ECC1D4}.Debug|iPhoneSimulator.ActiveCfg = Debug|Any CPU
		{F36F3D6F-A168-44B7-8BD3-67CDF3ECC1D4}.Debug|iPhoneSimulator.Build.0 = Debug|Any CPU
		{F36F3D6F-A168-44B7-8BD3-67CDF3ECC1D4}.Release|Any CPU.ActiveCfg = Release|Any CPU
		{F36F3D6F-A168-44B7-8BD3-67CDF3ECC1D4}.Release|Any CPU.Build.0 = Release|Any CPU
		{F36F3D6F-A168-44B7-8BD3-67CDF3ECC1D4}.Release|iPhone.ActiveCfg = Release|Any CPU
		{F36F3D6F-A168-44B7-8BD3-67CDF3ECC1D4}.Release|iPhone.Build.0 = Release|Any CPU
		{F36F3D6F-A168-44B7-8BD3-67CDF3ECC1D4}.Release|iPhoneSimulator.ActiveCfg = Release|Any CPU
		{F36F3D6F-A168-44B7-8BD3-67CDF3ECC1D4}.Release|iPhoneSimulator.Build.0 = Release|Any CPU
		{C466DA70-9FA4-4537-A9AE-5453282DD156}.Ad-Hoc|Any CPU.ActiveCfg = Release|Any CPU
		{C466DA70-9FA4-4537-A9AE-5453282DD156}.Ad-Hoc|Any CPU.Build.0 = Release|Any CPU
		{C466DA70-9FA4-4537-A9AE-5453282DD156}.Ad-Hoc|iPhone.ActiveCfg = Release|Any CPU
		{C466DA70-9FA4-4537-A9AE-5453282DD156}.Ad-Hoc|iPhone.Build.0 = Release|Any CPU
		{C466DA70-9FA4-4537-A9AE-5453282DD156}.Ad-Hoc|iPhoneSimulator.ActiveCfg = Release|Any CPU
		{C466DA70-9FA4-4537-A9AE-5453282DD156}.Ad-Hoc|iPhoneSimulator.Build.0 = Release|Any CPU
		{C466DA70-9FA4-4537-A9AE-5453282DD156}.AppStore|Any CPU.ActiveCfg = Release|Any CPU
		{C466DA70-9FA4-4537-A9AE-5453282DD156}.AppStore|Any CPU.Build.0 = Release|Any CPU
		{C466DA70-9FA4-4537-A9AE-5453282DD156}.AppStore|iPhone.ActiveCfg = Release|Any CPU
		{C466DA70-9FA4-4537-A9AE-5453282DD156}.AppStore|iPhone.Build.0 = Release|Any CPU
		{C466DA70-9FA4-4537-A9AE-5453282DD156}.AppStore|iPhoneSimulator.ActiveCfg = Release|Any CPU
		{C466DA70-9FA4-4537-A9AE-5453282DD156}.AppStore|iPhoneSimulator.Build.0 = Release|Any CPU
		{C466DA70-9FA4-4537-A9AE-5453282DD156}.Debug|Any CPU.ActiveCfg = Debug|Any CPU
		{C466DA70-9FA4-4537-A9AE-5453282DD156}.Debug|Any CPU.Build.0 = Debug|Any CPU
		{C466DA70-9FA4-4537-A9AE-5453282DD156}.Debug|iPhone.ActiveCfg = Debug|Any CPU
		{C466DA70-9FA4-4537-A9AE-5453282DD156}.Debug|iPhone.Build.0 = Debug|Any CPU
		{C466DA70-9FA4-4537-A9AE-5453282DD156}.Debug|iPhoneSimulator.ActiveCfg = Debug|Any CPU
		{C466DA70-9FA4-4537-A9AE-5453282DD156}.Debug|iPhoneSimulator.Build.0 = Debug|Any CPU
		{C466DA70-9FA4-4537-A9AE-5453282DD156}.Release|Any CPU.ActiveCfg = Release|Any CPU
		{C466DA70-9FA4-4537-A9AE-5453282DD156}.Release|Any CPU.Build.0 = Release|Any CPU
		{C466DA70-9FA4-4537-A9AE-5453282DD156}.Release|iPhone.ActiveCfg = Release|Any CPU
		{C466DA70-9FA4-4537-A9AE-5453282DD156}.Release|iPhone.Build.0 = Release|Any CPU
		{C466DA70-9FA4-4537-A9AE-5453282DD156}.Release|iPhoneSimulator.ActiveCfg = Release|Any CPU
		{C466DA70-9FA4-4537-A9AE-5453282DD156}.Release|iPhoneSimulator.Build.0 = Release|Any CPU
		{618EF8C4-376F-4D94-AC92-D336C2041C58}.Ad-Hoc|Any CPU.ActiveCfg = Release|Any CPU
		{618EF8C4-376F-4D94-AC92-D336C2041C58}.Ad-Hoc|Any CPU.Build.0 = Release|Any CPU
		{618EF8C4-376F-4D94-AC92-D336C2041C58}.Ad-Hoc|iPhone.ActiveCfg = Release|Any CPU
		{618EF8C4-376F-4D94-AC92-D336C2041C58}.Ad-Hoc|iPhone.Build.0 = Release|Any CPU
		{618EF8C4-376F-4D94-AC92-D336C2041C58}.Ad-Hoc|iPhoneSimulator.ActiveCfg = Release|Any CPU
		{618EF8C4-376F-4D94-AC92-D336C2041C58}.Ad-Hoc|iPhoneSimulator.Build.0 = Release|Any CPU
		{618EF8C4-376F-4D94-AC92-D336C2041C58}.AppStore|Any CPU.ActiveCfg = Release|Any CPU
		{618EF8C4-376F-4D94-AC92-D336C2041C58}.AppStore|Any CPU.Build.0 = Release|Any CPU
		{618EF8C4-376F-4D94-AC92-D336C2041C58}.AppStore|iPhone.ActiveCfg = Release|Any CPU
		{618EF8C4-376F-4D94-AC92-D336C2041C58}.AppStore|iPhone.Build.0 = Release|Any CPU
		{618EF8C4-376F-4D94-AC92-D336C2041C58}.AppStore|iPhoneSimulator.ActiveCfg = Release|Any CPU
		{618EF8C4-376F-4D94-AC92-D336C2041C58}.AppStore|iPhoneSimulator.Build.0 = Release|Any CPU
		{618EF8C4-376F-4D94-AC92-D336C2041C58}.Debug|Any CPU.ActiveCfg = Debug|Any CPU
		{618EF8C4-376F-4D94-AC92-D336C2041C58}.Debug|Any CPU.Build.0 = Debug|Any CPU
		{618EF8C4-376F-4D94-AC92-D336C2041C58}.Debug|iPhone.ActiveCfg = Debug|Any CPU
		{618EF8C4-376F-4D94-AC92-D336C2041C58}.Debug|iPhone.Build.0 = Debug|Any CPU
		{618EF8C4-376F-4D94-AC92-D336C2041C58}.Debug|iPhoneSimulator.ActiveCfg = Debug|Any CPU
		{618EF8C4-376F-4D94-AC92-D336C2041C58}.Debug|iPhoneSimulator.Build.0 = Debug|Any CPU
		{618EF8C4-376F-4D94-AC92-D336C2041C58}.Release|Any CPU.ActiveCfg = Release|Any CPU
		{618EF8C4-376F-4D94-AC92-D336C2041C58}.Release|Any CPU.Build.0 = Release|Any CPU
		{618EF8C4-376F-4D94-AC92-D336C2041C58}.Release|iPhone.ActiveCfg = Release|Any CPU
		{618EF8C4-376F-4D94-AC92-D336C2041C58}.Release|iPhone.Build.0 = Release|Any CPU
		{618EF8C4-376F-4D94-AC92-D336C2041C58}.Release|iPhoneSimulator.ActiveCfg = Release|Any CPU
		{618EF8C4-376F-4D94-AC92-D336C2041C58}.Release|iPhoneSimulator.Build.0 = Release|Any CPU
		{54371D7E-5D3A-4A58-91CF-2D497F891FC1}.Ad-Hoc|Any CPU.ActiveCfg = Release|Any CPU
		{54371D7E-5D3A-4A58-91CF-2D497F891FC1}.Ad-Hoc|Any CPU.Build.0 = Release|Any CPU
		{54371D7E-5D3A-4A58-91CF-2D497F891FC1}.Ad-Hoc|iPhone.ActiveCfg = Release|Any CPU
		{54371D7E-5D3A-4A58-91CF-2D497F891FC1}.Ad-Hoc|iPhone.Build.0 = Release|Any CPU
		{54371D7E-5D3A-4A58-91CF-2D497F891FC1}.Ad-Hoc|iPhoneSimulator.ActiveCfg = Release|Any CPU
		{54371D7E-5D3A-4A58-91CF-2D497F891FC1}.Ad-Hoc|iPhoneSimulator.Build.0 = Release|Any CPU
		{54371D7E-5D3A-4A58-91CF-2D497F891FC1}.AppStore|Any CPU.ActiveCfg = Release|Any CPU
		{54371D7E-5D3A-4A58-91CF-2D497F891FC1}.AppStore|Any CPU.Build.0 = Release|Any CPU
		{54371D7E-5D3A-4A58-91CF-2D497F891FC1}.AppStore|iPhone.ActiveCfg = Release|Any CPU
		{54371D7E-5D3A-4A58-91CF-2D497F891FC1}.AppStore|iPhone.Build.0 = Release|Any CPU
		{54371D7E-5D3A-4A58-91CF-2D497F891FC1}.AppStore|iPhoneSimulator.ActiveCfg = Release|Any CPU
		{54371D7E-5D3A-4A58-91CF-2D497F891FC1}.AppStore|iPhoneSimulator.Build.0 = Release|Any CPU
		{54371D7E-5D3A-4A58-91CF-2D497F891FC1}.Debug|Any CPU.ActiveCfg = Debug|Any CPU
		{54371D7E-5D3A-4A58-91CF-2D497F891FC1}.Debug|Any CPU.Build.0 = Debug|Any CPU
		{54371D7E-5D3A-4A58-91CF-2D497F891FC1}.Debug|iPhone.ActiveCfg = Debug|Any CPU
		{54371D7E-5D3A-4A58-91CF-2D497F891FC1}.Debug|iPhone.Build.0 = Debug|Any CPU
		{54371D7E-5D3A-4A58-91CF-2D497F891FC1}.Debug|iPhoneSimulator.ActiveCfg = Debug|Any CPU
		{54371D7E-5D3A-4A58-91CF-2D497F891FC1}.Debug|iPhoneSimulator.Build.0 = Debug|Any CPU
		{54371D7E-5D3A-4A58-91CF-2D497F891FC1}.Release|Any CPU.ActiveCfg = Release|Any CPU
		{54371D7E-5D3A-4A58-91CF-2D497F891FC1}.Release|Any CPU.Build.0 = Release|Any CPU
		{54371D7E-5D3A-4A58-91CF-2D497F891FC1}.Release|iPhone.ActiveCfg = Release|Any CPU
		{54371D7E-5D3A-4A58-91CF-2D497F891FC1}.Release|iPhone.Build.0 = Release|Any CPU
		{54371D7E-5D3A-4A58-91CF-2D497F891FC1}.Release|iPhoneSimulator.ActiveCfg = Release|Any CPU
		{54371D7E-5D3A-4A58-91CF-2D497F891FC1}.Release|iPhoneSimulator.Build.0 = Release|Any CPU
		{4BBEA9BC-0A40-4E3A-BBD6-A0718FCA9D18}.Ad-Hoc|Any CPU.ActiveCfg = Release|Any CPU
		{4BBEA9BC-0A40-4E3A-BBD6-A0718FCA9D18}.Ad-Hoc|Any CPU.Build.0 = Release|Any CPU
		{4BBEA9BC-0A40-4E3A-BBD6-A0718FCA9D18}.Ad-Hoc|iPhone.ActiveCfg = Release|Any CPU
		{4BBEA9BC-0A40-4E3A-BBD6-A0718FCA9D18}.Ad-Hoc|iPhone.Build.0 = Release|Any CPU
		{4BBEA9BC-0A40-4E3A-BBD6-A0718FCA9D18}.Ad-Hoc|iPhoneSimulator.ActiveCfg = Release|Any CPU
		{4BBEA9BC-0A40-4E3A-BBD6-A0718FCA9D18}.Ad-Hoc|iPhoneSimulator.Build.0 = Release|Any CPU
		{4BBEA9BC-0A40-4E3A-BBD6-A0718FCA9D18}.AppStore|Any CPU.ActiveCfg = Release|Any CPU
		{4BBEA9BC-0A40-4E3A-BBD6-A0718FCA9D18}.AppStore|Any CPU.Build.0 = Release|Any CPU
		{4BBEA9BC-0A40-4E3A-BBD6-A0718FCA9D18}.AppStore|iPhone.ActiveCfg = Release|Any CPU
		{4BBEA9BC-0A40-4E3A-BBD6-A0718FCA9D18}.AppStore|iPhone.Build.0 = Release|Any CPU
		{4BBEA9BC-0A40-4E3A-BBD6-A0718FCA9D18}.AppStore|iPhoneSimulator.ActiveCfg = Release|Any CPU
		{4BBEA9BC-0A40-4E3A-BBD6-A0718FCA9D18}.AppStore|iPhoneSimulator.Build.0 = Release|Any CPU
		{4BBEA9BC-0A40-4E3A-BBD6-A0718FCA9D18}.Debug|Any CPU.ActiveCfg = Debug|Any CPU
		{4BBEA9BC-0A40-4E3A-BBD6-A0718FCA9D18}.Debug|Any CPU.Build.0 = Debug|Any CPU
		{4BBEA9BC-0A40-4E3A-BBD6-A0718FCA9D18}.Debug|iPhone.ActiveCfg = Debug|Any CPU
		{4BBEA9BC-0A40-4E3A-BBD6-A0718FCA9D18}.Debug|iPhone.Build.0 = Debug|Any CPU
		{4BBEA9BC-0A40-4E3A-BBD6-A0718FCA9D18}.Debug|iPhoneSimulator.ActiveCfg = Debug|Any CPU
		{4BBEA9BC-0A40-4E3A-BBD6-A0718FCA9D18}.Debug|iPhoneSimulator.Build.0 = Debug|Any CPU
		{4BBEA9BC-0A40-4E3A-BBD6-A0718FCA9D18}.Release|Any CPU.ActiveCfg = Release|Any CPU
		{4BBEA9BC-0A40-4E3A-BBD6-A0718FCA9D18}.Release|Any CPU.Build.0 = Release|Any CPU
		{4BBEA9BC-0A40-4E3A-BBD6-A0718FCA9D18}.Release|iPhone.ActiveCfg = Release|Any CPU
		{4BBEA9BC-0A40-4E3A-BBD6-A0718FCA9D18}.Release|iPhone.Build.0 = Release|Any CPU
		{4BBEA9BC-0A40-4E3A-BBD6-A0718FCA9D18}.Release|iPhoneSimulator.ActiveCfg = Release|Any CPU
		{4BBEA9BC-0A40-4E3A-BBD6-A0718FCA9D18}.Release|iPhoneSimulator.Build.0 = Release|Any CPU
		{CBB544EB-7F8F-4220-8B1E-27833E7F2499}.Ad-Hoc|Any CPU.ActiveCfg = Release|Any CPU
		{CBB544EB-7F8F-4220-8B1E-27833E7F2499}.Ad-Hoc|Any CPU.Build.0 = Release|Any CPU
		{CBB544EB-7F8F-4220-8B1E-27833E7F2499}.Ad-Hoc|iPhone.ActiveCfg = Release|Any CPU
		{CBB544EB-7F8F-4220-8B1E-27833E7F2499}.Ad-Hoc|iPhone.Build.0 = Release|Any CPU
		{CBB544EB-7F8F-4220-8B1E-27833E7F2499}.Ad-Hoc|iPhoneSimulator.ActiveCfg = Release|Any CPU
		{CBB544EB-7F8F-4220-8B1E-27833E7F2499}.Ad-Hoc|iPhoneSimulator.Build.0 = Release|Any CPU
		{CBB544EB-7F8F-4220-8B1E-27833E7F2499}.AppStore|Any CPU.ActiveCfg = Release|Any CPU
		{CBB544EB-7F8F-4220-8B1E-27833E7F2499}.AppStore|Any CPU.Build.0 = Release|Any CPU
		{CBB544EB-7F8F-4220-8B1E-27833E7F2499}.AppStore|iPhone.ActiveCfg = Release|Any CPU
		{CBB544EB-7F8F-4220-8B1E-27833E7F2499}.AppStore|iPhone.Build.0 = Release|Any CPU
		{CBB544EB-7F8F-4220-8B1E-27833E7F2499}.AppStore|iPhoneSimulator.ActiveCfg = Release|Any CPU
		{CBB544EB-7F8F-4220-8B1E-27833E7F2499}.AppStore|iPhoneSimulator.Build.0 = Release|Any CPU
		{CBB544EB-7F8F-4220-8B1E-27833E7F2499}.Debug|Any CPU.ActiveCfg = Debug|Any CPU
		{CBB544EB-7F8F-4220-8B1E-27833E7F2499}.Debug|Any CPU.Build.0 = Debug|Any CPU
		{CBB544EB-7F8F-4220-8B1E-27833E7F2499}.Debug|iPhone.ActiveCfg = Debug|Any CPU
		{CBB544EB-7F8F-4220-8B1E-27833E7F2499}.Debug|iPhone.Build.0 = Debug|Any CPU
		{CBB544EB-7F8F-4220-8B1E-27833E7F2499}.Debug|iPhoneSimulator.ActiveCfg = Debug|Any CPU
		{CBB544EB-7F8F-4220-8B1E-27833E7F2499}.Debug|iPhoneSimulator.Build.0 = Debug|Any CPU
		{CBB544EB-7F8F-4220-8B1E-27833E7F2499}.Release|Any CPU.ActiveCfg = Release|Any CPU
		{CBB544EB-7F8F-4220-8B1E-27833E7F2499}.Release|Any CPU.Build.0 = Release|Any CPU
		{CBB544EB-7F8F-4220-8B1E-27833E7F2499}.Release|iPhone.ActiveCfg = Release|Any CPU
		{CBB544EB-7F8F-4220-8B1E-27833E7F2499}.Release|iPhone.Build.0 = Release|Any CPU
		{CBB544EB-7F8F-4220-8B1E-27833E7F2499}.Release|iPhoneSimulator.ActiveCfg = Release|Any CPU
		{CBB544EB-7F8F-4220-8B1E-27833E7F2499}.Release|iPhoneSimulator.Build.0 = Release|Any CPU
		{DC5A98A7-E6DE-41DC-AAF8-FF08E24827B1}.Ad-Hoc|Any CPU.ActiveCfg = Release|Any CPU
		{DC5A98A7-E6DE-41DC-AAF8-FF08E24827B1}.Ad-Hoc|Any CPU.Build.0 = Release|Any CPU
		{DC5A98A7-E6DE-41DC-AAF8-FF08E24827B1}.Ad-Hoc|iPhone.ActiveCfg = Release|Any CPU
		{DC5A98A7-E6DE-41DC-AAF8-FF08E24827B1}.Ad-Hoc|iPhone.Build.0 = Release|Any CPU
		{DC5A98A7-E6DE-41DC-AAF8-FF08E24827B1}.Ad-Hoc|iPhoneSimulator.ActiveCfg = Release|Any CPU
		{DC5A98A7-E6DE-41DC-AAF8-FF08E24827B1}.Ad-Hoc|iPhoneSimulator.Build.0 = Release|Any CPU
		{DC5A98A7-E6DE-41DC-AAF8-FF08E24827B1}.AppStore|Any CPU.ActiveCfg = Release|Any CPU
		{DC5A98A7-E6DE-41DC-AAF8-FF08E24827B1}.AppStore|Any CPU.Build.0 = Release|Any CPU
		{DC5A98A7-E6DE-41DC-AAF8-FF08E24827B1}.AppStore|iPhone.ActiveCfg = Release|Any CPU
		{DC5A98A7-E6DE-41DC-AAF8-FF08E24827B1}.AppStore|iPhone.Build.0 = Release|Any CPU
		{DC5A98A7-E6DE-41DC-AAF8-FF08E24827B1}.AppStore|iPhoneSimulator.ActiveCfg = Release|Any CPU
		{DC5A98A7-E6DE-41DC-AAF8-FF08E24827B1}.AppStore|iPhoneSimulator.Build.0 = Release|Any CPU
		{DC5A98A7-E6DE-41DC-AAF8-FF08E24827B1}.Debug|Any CPU.ActiveCfg = Debug|Any CPU
		{DC5A98A7-E6DE-41DC-AAF8-FF08E24827B1}.Debug|Any CPU.Build.0 = Debug|Any CPU
		{DC5A98A7-E6DE-41DC-AAF8-FF08E24827B1}.Debug|iPhone.ActiveCfg = Debug|Any CPU
		{DC5A98A7-E6DE-41DC-AAF8-FF08E24827B1}.Debug|iPhone.Build.0 = Debug|Any CPU
		{DC5A98A7-E6DE-41DC-AAF8-FF08E24827B1}.Debug|iPhoneSimulator.ActiveCfg = Debug|Any CPU
		{DC5A98A7-E6DE-41DC-AAF8-FF08E24827B1}.Debug|iPhoneSimulator.Build.0 = Debug|Any CPU
		{DC5A98A7-E6DE-41DC-AAF8-FF08E24827B1}.Release|Any CPU.ActiveCfg = Release|Any CPU
		{DC5A98A7-E6DE-41DC-AAF8-FF08E24827B1}.Release|Any CPU.Build.0 = Release|Any CPU
		{DC5A98A7-E6DE-41DC-AAF8-FF08E24827B1}.Release|iPhone.ActiveCfg = Release|Any CPU
		{DC5A98A7-E6DE-41DC-AAF8-FF08E24827B1}.Release|iPhone.Build.0 = Release|Any CPU
		{DC5A98A7-E6DE-41DC-AAF8-FF08E24827B1}.Release|iPhoneSimulator.ActiveCfg = Release|Any CPU
		{DC5A98A7-E6DE-41DC-AAF8-FF08E24827B1}.Release|iPhoneSimulator.Build.0 = Release|Any CPU
		{B57351EC-8147-4FC7-B57D-708DA025D692}.Ad-Hoc|Any CPU.ActiveCfg = Release|Any CPU
		{B57351EC-8147-4FC7-B57D-708DA025D692}.Ad-Hoc|Any CPU.Build.0 = Release|Any CPU
		{B57351EC-8147-4FC7-B57D-708DA025D692}.Ad-Hoc|iPhone.ActiveCfg = Release|Any CPU
		{B57351EC-8147-4FC7-B57D-708DA025D692}.Ad-Hoc|iPhone.Build.0 = Release|Any CPU
		{B57351EC-8147-4FC7-B57D-708DA025D692}.Ad-Hoc|iPhoneSimulator.ActiveCfg = Release|Any CPU
		{B57351EC-8147-4FC7-B57D-708DA025D692}.Ad-Hoc|iPhoneSimulator.Build.0 = Release|Any CPU
		{B57351EC-8147-4FC7-B57D-708DA025D692}.AppStore|Any CPU.ActiveCfg = Release|Any CPU
		{B57351EC-8147-4FC7-B57D-708DA025D692}.AppStore|Any CPU.Build.0 = Release|Any CPU
		{B57351EC-8147-4FC7-B57D-708DA025D692}.AppStore|iPhone.ActiveCfg = Release|Any CPU
		{B57351EC-8147-4FC7-B57D-708DA025D692}.AppStore|iPhone.Build.0 = Release|Any CPU
		{B57351EC-8147-4FC7-B57D-708DA025D692}.AppStore|iPhoneSimulator.ActiveCfg = Release|Any CPU
		{B57351EC-8147-4FC7-B57D-708DA025D692}.AppStore|iPhoneSimulator.Build.0 = Release|Any CPU
		{B57351EC-8147-4FC7-B57D-708DA025D692}.Debug|Any CPU.ActiveCfg = Debug|Any CPU
		{B57351EC-8147-4FC7-B57D-708DA025D692}.Debug|Any CPU.Build.0 = Debug|Any CPU
		{B57351EC-8147-4FC7-B57D-708DA025D692}.Debug|iPhone.ActiveCfg = Debug|Any CPU
		{B57351EC-8147-4FC7-B57D-708DA025D692}.Debug|iPhone.Build.0 = Debug|Any CPU
		{B57351EC-8147-4FC7-B57D-708DA025D692}.Debug|iPhoneSimulator.ActiveCfg = Debug|Any CPU
		{B57351EC-8147-4FC7-B57D-708DA025D692}.Debug|iPhoneSimulator.Build.0 = Debug|Any CPU
		{B57351EC-8147-4FC7-B57D-708DA025D692}.Release|Any CPU.ActiveCfg = Release|Any CPU
		{B57351EC-8147-4FC7-B57D-708DA025D692}.Release|Any CPU.Build.0 = Release|Any CPU
		{B57351EC-8147-4FC7-B57D-708DA025D692}.Release|iPhone.ActiveCfg = Release|Any CPU
		{B57351EC-8147-4FC7-B57D-708DA025D692}.Release|iPhone.Build.0 = Release|Any CPU
		{B57351EC-8147-4FC7-B57D-708DA025D692}.Release|iPhoneSimulator.ActiveCfg = Release|Any CPU
		{B57351EC-8147-4FC7-B57D-708DA025D692}.Release|iPhoneSimulator.Build.0 = Release|Any CPU
		{CFF938C4-4B9C-459E-B659-C9505DEEABA4}.Ad-Hoc|Any CPU.ActiveCfg = Release|Any CPU
		{CFF938C4-4B9C-459E-B659-C9505DEEABA4}.Ad-Hoc|Any CPU.Build.0 = Release|Any CPU
		{CFF938C4-4B9C-459E-B659-C9505DEEABA4}.Ad-Hoc|iPhone.ActiveCfg = Release|Any CPU
		{CFF938C4-4B9C-459E-B659-C9505DEEABA4}.Ad-Hoc|iPhone.Build.0 = Release|Any CPU
		{CFF938C4-4B9C-459E-B659-C9505DEEABA4}.Ad-Hoc|iPhoneSimulator.ActiveCfg = Release|Any CPU
		{CFF938C4-4B9C-459E-B659-C9505DEEABA4}.Ad-Hoc|iPhoneSimulator.Build.0 = Release|Any CPU
		{CFF938C4-4B9C-459E-B659-C9505DEEABA4}.AppStore|Any CPU.ActiveCfg = Release|Any CPU
		{CFF938C4-4B9C-459E-B659-C9505DEEABA4}.AppStore|Any CPU.Build.0 = Release|Any CPU
		{CFF938C4-4B9C-459E-B659-C9505DEEABA4}.AppStore|iPhone.ActiveCfg = Release|Any CPU
		{CFF938C4-4B9C-459E-B659-C9505DEEABA4}.AppStore|iPhone.Build.0 = Release|Any CPU
		{CFF938C4-4B9C-459E-B659-C9505DEEABA4}.AppStore|iPhoneSimulator.ActiveCfg = Release|Any CPU
		{CFF938C4-4B9C-459E-B659-C9505DEEABA4}.AppStore|iPhoneSimulator.Build.0 = Release|Any CPU
		{CFF938C4-4B9C-459E-B659-C9505DEEABA4}.Debug|Any CPU.ActiveCfg = Debug|Any CPU
		{CFF938C4-4B9C-459E-B659-C9505DEEABA4}.Debug|Any CPU.Build.0 = Debug|Any CPU
		{CFF938C4-4B9C-459E-B659-C9505DEEABA4}.Debug|iPhone.ActiveCfg = Debug|Any CPU
		{CFF938C4-4B9C-459E-B659-C9505DEEABA4}.Debug|iPhone.Build.0 = Debug|Any CPU
		{CFF938C4-4B9C-459E-B659-C9505DEEABA4}.Debug|iPhoneSimulator.ActiveCfg = Debug|Any CPU
		{CFF938C4-4B9C-459E-B659-C9505DEEABA4}.Debug|iPhoneSimulator.Build.0 = Debug|Any CPU
		{CFF938C4-4B9C-459E-B659-C9505DEEABA4}.Release|Any CPU.ActiveCfg = Release|Any CPU
		{CFF938C4-4B9C-459E-B659-C9505DEEABA4}.Release|Any CPU.Build.0 = Release|Any CPU
		{CFF938C4-4B9C-459E-B659-C9505DEEABA4}.Release|iPhone.ActiveCfg = Release|Any CPU
		{CFF938C4-4B9C-459E-B659-C9505DEEABA4}.Release|iPhone.Build.0 = Release|Any CPU
		{CFF938C4-4B9C-459E-B659-C9505DEEABA4}.Release|iPhoneSimulator.ActiveCfg = Release|Any CPU
		{CFF938C4-4B9C-459E-B659-C9505DEEABA4}.Release|iPhoneSimulator.Build.0 = Release|Any CPU
		{C21179CB-F4E9-4401-ADC3-45751DE80E67}.Ad-Hoc|Any CPU.ActiveCfg = Release|Any CPU
		{C21179CB-F4E9-4401-ADC3-45751DE80E67}.Ad-Hoc|Any CPU.Build.0 = Release|Any CPU
		{C21179CB-F4E9-4401-ADC3-45751DE80E67}.Ad-Hoc|iPhone.ActiveCfg = Release|Any CPU
		{C21179CB-F4E9-4401-ADC3-45751DE80E67}.Ad-Hoc|iPhone.Build.0 = Release|Any CPU
		{C21179CB-F4E9-4401-ADC3-45751DE80E67}.Ad-Hoc|iPhoneSimulator.ActiveCfg = Release|Any CPU
		{C21179CB-F4E9-4401-ADC3-45751DE80E67}.Ad-Hoc|iPhoneSimulator.Build.0 = Release|Any CPU
		{C21179CB-F4E9-4401-ADC3-45751DE80E67}.AppStore|Any CPU.ActiveCfg = Release|Any CPU
		{C21179CB-F4E9-4401-ADC3-45751DE80E67}.AppStore|Any CPU.Build.0 = Release|Any CPU
		{C21179CB-F4E9-4401-ADC3-45751DE80E67}.AppStore|iPhone.ActiveCfg = Release|Any CPU
		{C21179CB-F4E9-4401-ADC3-45751DE80E67}.AppStore|iPhone.Build.0 = Release|Any CPU
		{C21179CB-F4E9-4401-ADC3-45751DE80E67}.AppStore|iPhoneSimulator.ActiveCfg = Release|Any CPU
		{C21179CB-F4E9-4401-ADC3-45751DE80E67}.AppStore|iPhoneSimulator.Build.0 = Release|Any CPU
		{C21179CB-F4E9-4401-ADC3-45751DE80E67}.Debug|Any CPU.ActiveCfg = Debug|Any CPU
		{C21179CB-F4E9-4401-ADC3-45751DE80E67}.Debug|Any CPU.Build.0 = Debug|Any CPU
		{C21179CB-F4E9-4401-ADC3-45751DE80E67}.Debug|iPhone.ActiveCfg = Debug|Any CPU
		{C21179CB-F4E9-4401-ADC3-45751DE80E67}.Debug|iPhone.Build.0 = Debug|Any CPU
		{C21179CB-F4E9-4401-ADC3-45751DE80E67}.Debug|iPhoneSimulator.ActiveCfg = Debug|Any CPU
		{C21179CB-F4E9-4401-ADC3-45751DE80E67}.Debug|iPhoneSimulator.Build.0 = Debug|Any CPU
		{C21179CB-F4E9-4401-ADC3-45751DE80E67}.Release|Any CPU.ActiveCfg = Release|Any CPU
		{C21179CB-F4E9-4401-ADC3-45751DE80E67}.Release|Any CPU.Build.0 = Release|Any CPU
		{C21179CB-F4E9-4401-ADC3-45751DE80E67}.Release|iPhone.ActiveCfg = Release|Any CPU
		{C21179CB-F4E9-4401-ADC3-45751DE80E67}.Release|iPhone.Build.0 = Release|Any CPU
		{C21179CB-F4E9-4401-ADC3-45751DE80E67}.Release|iPhoneSimulator.ActiveCfg = Release|Any CPU
		{C21179CB-F4E9-4401-ADC3-45751DE80E67}.Release|iPhoneSimulator.Build.0 = Release|Any CPU
		{7666726F-E1ED-417A-A1C7-1EC6DC067C2D}.Ad-Hoc|Any CPU.ActiveCfg = Release|Any CPU
		{7666726F-E1ED-417A-A1C7-1EC6DC067C2D}.Ad-Hoc|Any CPU.Build.0 = Release|Any CPU
		{7666726F-E1ED-417A-A1C7-1EC6DC067C2D}.Ad-Hoc|iPhone.ActiveCfg = Release|Any CPU
		{7666726F-E1ED-417A-A1C7-1EC6DC067C2D}.Ad-Hoc|iPhone.Build.0 = Release|Any CPU
		{7666726F-E1ED-417A-A1C7-1EC6DC067C2D}.Ad-Hoc|iPhoneSimulator.ActiveCfg = Release|Any CPU
		{7666726F-E1ED-417A-A1C7-1EC6DC067C2D}.Ad-Hoc|iPhoneSimulator.Build.0 = Release|Any CPU
		{7666726F-E1ED-417A-A1C7-1EC6DC067C2D}.AppStore|Any CPU.ActiveCfg = Release|Any CPU
		{7666726F-E1ED-417A-A1C7-1EC6DC067C2D}.AppStore|Any CPU.Build.0 = Release|Any CPU
		{7666726F-E1ED-417A-A1C7-1EC6DC067C2D}.AppStore|iPhone.ActiveCfg = Release|Any CPU
		{7666726F-E1ED-417A-A1C7-1EC6DC067C2D}.AppStore|iPhone.Build.0 = Release|Any CPU
		{7666726F-E1ED-417A-A1C7-1EC6DC067C2D}.AppStore|iPhoneSimulator.ActiveCfg = Release|Any CPU
		{7666726F-E1ED-417A-A1C7-1EC6DC067C2D}.AppStore|iPhoneSimulator.Build.0 = Release|Any CPU
		{7666726F-E1ED-417A-A1C7-1EC6DC067C2D}.Debug|Any CPU.ActiveCfg = Debug|Any CPU
		{7666726F-E1ED-417A-A1C7-1EC6DC067C2D}.Debug|Any CPU.Build.0 = Debug|Any CPU
		{7666726F-E1ED-417A-A1C7-1EC6DC067C2D}.Debug|iPhone.ActiveCfg = Debug|Any CPU
		{7666726F-E1ED-417A-A1C7-1EC6DC067C2D}.Debug|iPhone.Build.0 = Debug|Any CPU
		{7666726F-E1ED-417A-A1C7-1EC6DC067C2D}.Debug|iPhoneSimulator.ActiveCfg = Debug|Any CPU
		{7666726F-E1ED-417A-A1C7-1EC6DC067C2D}.Debug|iPhoneSimulator.Build.0 = Debug|Any CPU
		{7666726F-E1ED-417A-A1C7-1EC6DC067C2D}.Release|Any CPU.ActiveCfg = Release|Any CPU
		{7666726F-E1ED-417A-A1C7-1EC6DC067C2D}.Release|Any CPU.Build.0 = Release|Any CPU
		{7666726F-E1ED-417A-A1C7-1EC6DC067C2D}.Release|iPhone.ActiveCfg = Release|Any CPU
		{7666726F-E1ED-417A-A1C7-1EC6DC067C2D}.Release|iPhone.Build.0 = Release|Any CPU
		{7666726F-E1ED-417A-A1C7-1EC6DC067C2D}.Release|iPhoneSimulator.ActiveCfg = Release|Any CPU
		{7666726F-E1ED-417A-A1C7-1EC6DC067C2D}.Release|iPhoneSimulator.Build.0 = Release|Any CPU
		{9A45D4AC-C923-4D0F-82E9-D8EB40FDF916}.Ad-Hoc|Any CPU.ActiveCfg = Release|Any CPU
		{9A45D4AC-C923-4D0F-82E9-D8EB40FDF916}.Ad-Hoc|Any CPU.Build.0 = Release|Any CPU
		{9A45D4AC-C923-4D0F-82E9-D8EB40FDF916}.Ad-Hoc|iPhone.ActiveCfg = Release|Any CPU
		{9A45D4AC-C923-4D0F-82E9-D8EB40FDF916}.Ad-Hoc|iPhone.Build.0 = Release|Any CPU
		{9A45D4AC-C923-4D0F-82E9-D8EB40FDF916}.Ad-Hoc|iPhoneSimulator.ActiveCfg = Release|Any CPU
		{9A45D4AC-C923-4D0F-82E9-D8EB40FDF916}.Ad-Hoc|iPhoneSimulator.Build.0 = Release|Any CPU
		{9A45D4AC-C923-4D0F-82E9-D8EB40FDF916}.AppStore|Any CPU.ActiveCfg = Release|Any CPU
		{9A45D4AC-C923-4D0F-82E9-D8EB40FDF916}.AppStore|Any CPU.Build.0 = Release|Any CPU
		{9A45D4AC-C923-4D0F-82E9-D8EB40FDF916}.AppStore|iPhone.ActiveCfg = Release|Any CPU
		{9A45D4AC-C923-4D0F-82E9-D8EB40FDF916}.AppStore|iPhone.Build.0 = Release|Any CPU
		{9A45D4AC-C923-4D0F-82E9-D8EB40FDF916}.AppStore|iPhoneSimulator.ActiveCfg = Release|Any CPU
		{9A45D4AC-C923-4D0F-82E9-D8EB40FDF916}.AppStore|iPhoneSimulator.Build.0 = Release|Any CPU
		{9A45D4AC-C923-4D0F-82E9-D8EB40FDF916}.Debug|Any CPU.ActiveCfg = Debug|Any CPU
		{9A45D4AC-C923-4D0F-82E9-D8EB40FDF916}.Debug|Any CPU.Build.0 = Debug|Any CPU
		{9A45D4AC-C923-4D0F-82E9-D8EB40FDF916}.Debug|iPhone.ActiveCfg = Debug|Any CPU
		{9A45D4AC-C923-4D0F-82E9-D8EB40FDF916}.Debug|iPhone.Build.0 = Debug|Any CPU
		{9A45D4AC-C923-4D0F-82E9-D8EB40FDF916}.Debug|iPhoneSimulator.ActiveCfg = Debug|Any CPU
		{9A45D4AC-C923-4D0F-82E9-D8EB40FDF916}.Debug|iPhoneSimulator.Build.0 = Debug|Any CPU
		{9A45D4AC-C923-4D0F-82E9-D8EB40FDF916}.Release|Any CPU.ActiveCfg = Release|Any CPU
		{9A45D4AC-C923-4D0F-82E9-D8EB40FDF916}.Release|Any CPU.Build.0 = Release|Any CPU
		{9A45D4AC-C923-4D0F-82E9-D8EB40FDF916}.Release|iPhone.ActiveCfg = Release|Any CPU
		{9A45D4AC-C923-4D0F-82E9-D8EB40FDF916}.Release|iPhone.Build.0 = Release|Any CPU
		{9A45D4AC-C923-4D0F-82E9-D8EB40FDF916}.Release|iPhoneSimulator.ActiveCfg = Release|Any CPU
		{9A45D4AC-C923-4D0F-82E9-D8EB40FDF916}.Release|iPhoneSimulator.Build.0 = Release|Any CPU
		{7A8862DA-1520-4D76-9149-5AF87277394E}.Ad-Hoc|Any CPU.ActiveCfg = Release|Any CPU
		{7A8862DA-1520-4D76-9149-5AF87277394E}.Ad-Hoc|Any CPU.Build.0 = Release|Any CPU
		{7A8862DA-1520-4D76-9149-5AF87277394E}.Ad-Hoc|iPhone.ActiveCfg = Release|Any CPU
		{7A8862DA-1520-4D76-9149-5AF87277394E}.Ad-Hoc|iPhone.Build.0 = Release|Any CPU
		{7A8862DA-1520-4D76-9149-5AF87277394E}.Ad-Hoc|iPhoneSimulator.ActiveCfg = Release|Any CPU
		{7A8862DA-1520-4D76-9149-5AF87277394E}.Ad-Hoc|iPhoneSimulator.Build.0 = Release|Any CPU
		{7A8862DA-1520-4D76-9149-5AF87277394E}.AppStore|Any CPU.ActiveCfg = Release|Any CPU
		{7A8862DA-1520-4D76-9149-5AF87277394E}.AppStore|Any CPU.Build.0 = Release|Any CPU
		{7A8862DA-1520-4D76-9149-5AF87277394E}.AppStore|iPhone.ActiveCfg = Release|Any CPU
		{7A8862DA-1520-4D76-9149-5AF87277394E}.AppStore|iPhone.Build.0 = Release|Any CPU
		{7A8862DA-1520-4D76-9149-5AF87277394E}.AppStore|iPhoneSimulator.ActiveCfg = Release|Any CPU
		{7A8862DA-1520-4D76-9149-5AF87277394E}.AppStore|iPhoneSimulator.Build.0 = Release|Any CPU
		{7A8862DA-1520-4D76-9149-5AF87277394E}.Debug|Any CPU.ActiveCfg = Debug|Any CPU
		{7A8862DA-1520-4D76-9149-5AF87277394E}.Debug|Any CPU.Build.0 = Debug|Any CPU
		{7A8862DA-1520-4D76-9149-5AF87277394E}.Debug|iPhone.ActiveCfg = Debug|Any CPU
		{7A8862DA-1520-4D76-9149-5AF87277394E}.Debug|iPhone.Build.0 = Debug|Any CPU
		{7A8862DA-1520-4D76-9149-5AF87277394E}.Debug|iPhoneSimulator.ActiveCfg = Debug|Any CPU
		{7A8862DA-1520-4D76-9149-5AF87277394E}.Debug|iPhoneSimulator.Build.0 = Debug|Any CPU
		{7A8862DA-1520-4D76-9149-5AF87277394E}.Release|Any CPU.ActiveCfg = Release|Any CPU
		{7A8862DA-1520-4D76-9149-5AF87277394E}.Release|Any CPU.Build.0 = Release|Any CPU
		{7A8862DA-1520-4D76-9149-5AF87277394E}.Release|iPhone.ActiveCfg = Release|Any CPU
		{7A8862DA-1520-4D76-9149-5AF87277394E}.Release|iPhone.Build.0 = Release|Any CPU
		{7A8862DA-1520-4D76-9149-5AF87277394E}.Release|iPhoneSimulator.ActiveCfg = Release|Any CPU
		{7A8862DA-1520-4D76-9149-5AF87277394E}.Release|iPhoneSimulator.Build.0 = Release|Any CPU
		{E31290EE-C76B-447F-BE7D-1E8C9822211E}.Ad-Hoc|Any CPU.ActiveCfg = Release|Any CPU
		{E31290EE-C76B-447F-BE7D-1E8C9822211E}.Ad-Hoc|Any CPU.Build.0 = Release|Any CPU
		{E31290EE-C76B-447F-BE7D-1E8C9822211E}.Ad-Hoc|iPhone.ActiveCfg = Release|Any CPU
		{E31290EE-C76B-447F-BE7D-1E8C9822211E}.Ad-Hoc|iPhone.Build.0 = Release|Any CPU
		{E31290EE-C76B-447F-BE7D-1E8C9822211E}.Ad-Hoc|iPhoneSimulator.ActiveCfg = Release|Any CPU
		{E31290EE-C76B-447F-BE7D-1E8C9822211E}.Ad-Hoc|iPhoneSimulator.Build.0 = Release|Any CPU
		{E31290EE-C76B-447F-BE7D-1E8C9822211E}.AppStore|Any CPU.ActiveCfg = Release|Any CPU
		{E31290EE-C76B-447F-BE7D-1E8C9822211E}.AppStore|Any CPU.Build.0 = Release|Any CPU
		{E31290EE-C76B-447F-BE7D-1E8C9822211E}.AppStore|iPhone.ActiveCfg = Release|Any CPU
		{E31290EE-C76B-447F-BE7D-1E8C9822211E}.AppStore|iPhone.Build.0 = Release|Any CPU
		{E31290EE-C76B-447F-BE7D-1E8C9822211E}.AppStore|iPhoneSimulator.ActiveCfg = Release|Any CPU
		{E31290EE-C76B-447F-BE7D-1E8C9822211E}.AppStore|iPhoneSimulator.Build.0 = Release|Any CPU
		{E31290EE-C76B-447F-BE7D-1E8C9822211E}.Debug|Any CPU.ActiveCfg = Debug|Any CPU
		{E31290EE-C76B-447F-BE7D-1E8C9822211E}.Debug|Any CPU.Build.0 = Debug|Any CPU
		{E31290EE-C76B-447F-BE7D-1E8C9822211E}.Debug|iPhone.ActiveCfg = Debug|Any CPU
		{E31290EE-C76B-447F-BE7D-1E8C9822211E}.Debug|iPhone.Build.0 = Debug|Any CPU
		{E31290EE-C76B-447F-BE7D-1E8C9822211E}.Debug|iPhoneSimulator.ActiveCfg = Debug|Any CPU
		{E31290EE-C76B-447F-BE7D-1E8C9822211E}.Debug|iPhoneSimulator.Build.0 = Debug|Any CPU
		{E31290EE-C76B-447F-BE7D-1E8C9822211E}.Release|Any CPU.ActiveCfg = Release|Any CPU
		{E31290EE-C76B-447F-BE7D-1E8C9822211E}.Release|Any CPU.Build.0 = Release|Any CPU
		{E31290EE-C76B-447F-BE7D-1E8C9822211E}.Release|iPhone.ActiveCfg = Release|Any CPU
		{E31290EE-C76B-447F-BE7D-1E8C9822211E}.Release|iPhone.Build.0 = Release|Any CPU
		{E31290EE-C76B-447F-BE7D-1E8C9822211E}.Release|iPhoneSimulator.ActiveCfg = Release|Any CPU
		{E31290EE-C76B-447F-BE7D-1E8C9822211E}.Release|iPhoneSimulator.Build.0 = Release|Any CPU
		{8F8ECD46-B8F1-42E4-BF9D-2041100B2936}.Ad-Hoc|Any CPU.ActiveCfg = Release|Any CPU
		{8F8ECD46-B8F1-42E4-BF9D-2041100B2936}.Ad-Hoc|Any CPU.Build.0 = Release|Any CPU
		{8F8ECD46-B8F1-42E4-BF9D-2041100B2936}.Ad-Hoc|iPhone.ActiveCfg = Release|Any CPU
		{8F8ECD46-B8F1-42E4-BF9D-2041100B2936}.Ad-Hoc|iPhone.Build.0 = Release|Any CPU
		{8F8ECD46-B8F1-42E4-BF9D-2041100B2936}.Ad-Hoc|iPhoneSimulator.ActiveCfg = Release|Any CPU
		{8F8ECD46-B8F1-42E4-BF9D-2041100B2936}.Ad-Hoc|iPhoneSimulator.Build.0 = Release|Any CPU
		{8F8ECD46-B8F1-42E4-BF9D-2041100B2936}.AppStore|Any CPU.ActiveCfg = Release|Any CPU
		{8F8ECD46-B8F1-42E4-BF9D-2041100B2936}.AppStore|Any CPU.Build.0 = Release|Any CPU
		{8F8ECD46-B8F1-42E4-BF9D-2041100B2936}.AppStore|iPhone.ActiveCfg = Release|Any CPU
		{8F8ECD46-B8F1-42E4-BF9D-2041100B2936}.AppStore|iPhone.Build.0 = Release|Any CPU
		{8F8ECD46-B8F1-42E4-BF9D-2041100B2936}.AppStore|iPhoneSimulator.ActiveCfg = Release|Any CPU
		{8F8ECD46-B8F1-42E4-BF9D-2041100B2936}.AppStore|iPhoneSimulator.Build.0 = Release|Any CPU
		{8F8ECD46-B8F1-42E4-BF9D-2041100B2936}.Debug|Any CPU.ActiveCfg = Debug|Any CPU
		{8F8ECD46-B8F1-42E4-BF9D-2041100B2936}.Debug|Any CPU.Build.0 = Debug|Any CPU
		{8F8ECD46-B8F1-42E4-BF9D-2041100B2936}.Debug|iPhone.ActiveCfg = Debug|Any CPU
		{8F8ECD46-B8F1-42E4-BF9D-2041100B2936}.Debug|iPhone.Build.0 = Debug|Any CPU
		{8F8ECD46-B8F1-42E4-BF9D-2041100B2936}.Debug|iPhoneSimulator.ActiveCfg = Debug|Any CPU
		{8F8ECD46-B8F1-42E4-BF9D-2041100B2936}.Debug|iPhoneSimulator.Build.0 = Debug|Any CPU
		{8F8ECD46-B8F1-42E4-BF9D-2041100B2936}.Release|Any CPU.ActiveCfg = Release|Any CPU
		{8F8ECD46-B8F1-42E4-BF9D-2041100B2936}.Release|Any CPU.Build.0 = Release|Any CPU
		{8F8ECD46-B8F1-42E4-BF9D-2041100B2936}.Release|iPhone.ActiveCfg = Release|Any CPU
		{8F8ECD46-B8F1-42E4-BF9D-2041100B2936}.Release|iPhone.Build.0 = Release|Any CPU
		{8F8ECD46-B8F1-42E4-BF9D-2041100B2936}.Release|iPhoneSimulator.ActiveCfg = Release|Any CPU
		{8F8ECD46-B8F1-42E4-BF9D-2041100B2936}.Release|iPhoneSimulator.Build.0 = Release|Any CPU
		{3508B0A7-DCEA-4A9C-9BF7-07FF92C7C160}.Ad-Hoc|Any CPU.ActiveCfg = Release|Any CPU
		{3508B0A7-DCEA-4A9C-9BF7-07FF92C7C160}.Ad-Hoc|Any CPU.Build.0 = Release|Any CPU
		{3508B0A7-DCEA-4A9C-9BF7-07FF92C7C160}.Ad-Hoc|iPhone.ActiveCfg = Release|Any CPU
		{3508B0A7-DCEA-4A9C-9BF7-07FF92C7C160}.Ad-Hoc|iPhone.Build.0 = Release|Any CPU
		{3508B0A7-DCEA-4A9C-9BF7-07FF92C7C160}.Ad-Hoc|iPhoneSimulator.ActiveCfg = Release|Any CPU
		{3508B0A7-DCEA-4A9C-9BF7-07FF92C7C160}.Ad-Hoc|iPhoneSimulator.Build.0 = Release|Any CPU
		{3508B0A7-DCEA-4A9C-9BF7-07FF92C7C160}.AppStore|Any CPU.ActiveCfg = Release|Any CPU
		{3508B0A7-DCEA-4A9C-9BF7-07FF92C7C160}.AppStore|Any CPU.Build.0 = Release|Any CPU
		{3508B0A7-DCEA-4A9C-9BF7-07FF92C7C160}.AppStore|iPhone.ActiveCfg = Release|Any CPU
		{3508B0A7-DCEA-4A9C-9BF7-07FF92C7C160}.AppStore|iPhone.Build.0 = Release|Any CPU
		{3508B0A7-DCEA-4A9C-9BF7-07FF92C7C160}.AppStore|iPhoneSimulator.ActiveCfg = Release|Any CPU
		{3508B0A7-DCEA-4A9C-9BF7-07FF92C7C160}.AppStore|iPhoneSimulator.Build.0 = Release|Any CPU
		{3508B0A7-DCEA-4A9C-9BF7-07FF92C7C160}.Debug|Any CPU.ActiveCfg = Debug|Any CPU
		{3508B0A7-DCEA-4A9C-9BF7-07FF92C7C160}.Debug|Any CPU.Build.0 = Debug|Any CPU
		{3508B0A7-DCEA-4A9C-9BF7-07FF92C7C160}.Debug|iPhone.ActiveCfg = Debug|Any CPU
		{3508B0A7-DCEA-4A9C-9BF7-07FF92C7C160}.Debug|iPhone.Build.0 = Debug|Any CPU
		{3508B0A7-DCEA-4A9C-9BF7-07FF92C7C160}.Debug|iPhoneSimulator.ActiveCfg = Debug|Any CPU
		{3508B0A7-DCEA-4A9C-9BF7-07FF92C7C160}.Debug|iPhoneSimulator.Build.0 = Debug|Any CPU
		{3508B0A7-DCEA-4A9C-9BF7-07FF92C7C160}.Release|Any CPU.ActiveCfg = Release|Any CPU
		{3508B0A7-DCEA-4A9C-9BF7-07FF92C7C160}.Release|Any CPU.Build.0 = Release|Any CPU
		{3508B0A7-DCEA-4A9C-9BF7-07FF92C7C160}.Release|iPhone.ActiveCfg = Release|Any CPU
		{3508B0A7-DCEA-4A9C-9BF7-07FF92C7C160}.Release|iPhone.Build.0 = Release|Any CPU
		{3508B0A7-DCEA-4A9C-9BF7-07FF92C7C160}.Release|iPhoneSimulator.ActiveCfg = Release|Any CPU
		{3508B0A7-DCEA-4A9C-9BF7-07FF92C7C160}.Release|iPhoneSimulator.Build.0 = Release|Any CPU
		{5899C287-867E-4CB9-AF85-DC41AA303710}.Ad-Hoc|Any CPU.ActiveCfg = Release|Any CPU
		{5899C287-867E-4CB9-AF85-DC41AA303710}.Ad-Hoc|Any CPU.Build.0 = Release|Any CPU
		{5899C287-867E-4CB9-AF85-DC41AA303710}.Ad-Hoc|iPhone.ActiveCfg = Release|Any CPU
		{5899C287-867E-4CB9-AF85-DC41AA303710}.Ad-Hoc|iPhone.Build.0 = Release|Any CPU
		{5899C287-867E-4CB9-AF85-DC41AA303710}.Ad-Hoc|iPhoneSimulator.ActiveCfg = Release|Any CPU
		{5899C287-867E-4CB9-AF85-DC41AA303710}.Ad-Hoc|iPhoneSimulator.Build.0 = Release|Any CPU
		{5899C287-867E-4CB9-AF85-DC41AA303710}.AppStore|Any CPU.ActiveCfg = Release|Any CPU
		{5899C287-867E-4CB9-AF85-DC41AA303710}.AppStore|Any CPU.Build.0 = Release|Any CPU
		{5899C287-867E-4CB9-AF85-DC41AA303710}.AppStore|iPhone.ActiveCfg = Release|Any CPU
		{5899C287-867E-4CB9-AF85-DC41AA303710}.AppStore|iPhone.Build.0 = Release|Any CPU
		{5899C287-867E-4CB9-AF85-DC41AA303710}.AppStore|iPhoneSimulator.ActiveCfg = Release|Any CPU
		{5899C287-867E-4CB9-AF85-DC41AA303710}.AppStore|iPhoneSimulator.Build.0 = Release|Any CPU
		{5899C287-867E-4CB9-AF85-DC41AA303710}.Debug|Any CPU.ActiveCfg = Debug|Any CPU
		{5899C287-867E-4CB9-AF85-DC41AA303710}.Debug|Any CPU.Build.0 = Debug|Any CPU
		{5899C287-867E-4CB9-AF85-DC41AA303710}.Debug|iPhone.ActiveCfg = Debug|Any CPU
		{5899C287-867E-4CB9-AF85-DC41AA303710}.Debug|iPhone.Build.0 = Debug|Any CPU
		{5899C287-867E-4CB9-AF85-DC41AA303710}.Debug|iPhoneSimulator.ActiveCfg = Debug|Any CPU
		{5899C287-867E-4CB9-AF85-DC41AA303710}.Debug|iPhoneSimulator.Build.0 = Debug|Any CPU
		{5899C287-867E-4CB9-AF85-DC41AA303710}.Release|Any CPU.ActiveCfg = Release|Any CPU
		{5899C287-867E-4CB9-AF85-DC41AA303710}.Release|Any CPU.Build.0 = Release|Any CPU
		{5899C287-867E-4CB9-AF85-DC41AA303710}.Release|iPhone.ActiveCfg = Release|Any CPU
		{5899C287-867E-4CB9-AF85-DC41AA303710}.Release|iPhone.Build.0 = Release|Any CPU
		{5899C287-867E-4CB9-AF85-DC41AA303710}.Release|iPhoneSimulator.ActiveCfg = Release|Any CPU
		{5899C287-867E-4CB9-AF85-DC41AA303710}.Release|iPhoneSimulator.Build.0 = Release|Any CPU
		{D1AA1965-50C4-43C0-B132-33D3D1E37F83}.Ad-Hoc|Any CPU.ActiveCfg = Release|Any CPU
		{D1AA1965-50C4-43C0-B132-33D3D1E37F83}.Ad-Hoc|Any CPU.Build.0 = Release|Any CPU
		{D1AA1965-50C4-43C0-B132-33D3D1E37F83}.Ad-Hoc|iPhone.ActiveCfg = Release|Any CPU
		{D1AA1965-50C4-43C0-B132-33D3D1E37F83}.Ad-Hoc|iPhone.Build.0 = Release|Any CPU
		{D1AA1965-50C4-43C0-B132-33D3D1E37F83}.Ad-Hoc|iPhoneSimulator.ActiveCfg = Release|Any CPU
		{D1AA1965-50C4-43C0-B132-33D3D1E37F83}.Ad-Hoc|iPhoneSimulator.Build.0 = Release|Any CPU
		{D1AA1965-50C4-43C0-B132-33D3D1E37F83}.AppStore|Any CPU.ActiveCfg = Release|Any CPU
		{D1AA1965-50C4-43C0-B132-33D3D1E37F83}.AppStore|Any CPU.Build.0 = Release|Any CPU
		{D1AA1965-50C4-43C0-B132-33D3D1E37F83}.AppStore|iPhone.ActiveCfg = Release|Any CPU
		{D1AA1965-50C4-43C0-B132-33D3D1E37F83}.AppStore|iPhone.Build.0 = Release|Any CPU
		{D1AA1965-50C4-43C0-B132-33D3D1E37F83}.AppStore|iPhoneSimulator.ActiveCfg = Release|Any CPU
		{D1AA1965-50C4-43C0-B132-33D3D1E37F83}.AppStore|iPhoneSimulator.Build.0 = Release|Any CPU
		{D1AA1965-50C4-43C0-B132-33D3D1E37F83}.Debug|Any CPU.ActiveCfg = Debug|Any CPU
		{D1AA1965-50C4-43C0-B132-33D3D1E37F83}.Debug|Any CPU.Build.0 = Debug|Any CPU
		{D1AA1965-50C4-43C0-B132-33D3D1E37F83}.Debug|iPhone.ActiveCfg = Debug|Any CPU
		{D1AA1965-50C4-43C0-B132-33D3D1E37F83}.Debug|iPhone.Build.0 = Debug|Any CPU
		{D1AA1965-50C4-43C0-B132-33D3D1E37F83}.Debug|iPhoneSimulator.ActiveCfg = Debug|Any CPU
		{D1AA1965-50C4-43C0-B132-33D3D1E37F83}.Debug|iPhoneSimulator.Build.0 = Debug|Any CPU
		{D1AA1965-50C4-43C0-B132-33D3D1E37F83}.Release|Any CPU.ActiveCfg = Release|Any CPU
		{D1AA1965-50C4-43C0-B132-33D3D1E37F83}.Release|Any CPU.Build.0 = Release|Any CPU
		{D1AA1965-50C4-43C0-B132-33D3D1E37F83}.Release|iPhone.ActiveCfg = Release|Any CPU
		{D1AA1965-50C4-43C0-B132-33D3D1E37F83}.Release|iPhone.Build.0 = Release|Any CPU
		{D1AA1965-50C4-43C0-B132-33D3D1E37F83}.Release|iPhoneSimulator.ActiveCfg = Release|Any CPU
		{D1AA1965-50C4-43C0-B132-33D3D1E37F83}.Release|iPhoneSimulator.Build.0 = Release|Any CPU
		{3DE566D9-F5BB-40CA-BE01-9722016AD0C7}.Ad-Hoc|Any CPU.ActiveCfg = Release|Any CPU
		{3DE566D9-F5BB-40CA-BE01-9722016AD0C7}.Ad-Hoc|Any CPU.Build.0 = Release|Any CPU
		{3DE566D9-F5BB-40CA-BE01-9722016AD0C7}.Ad-Hoc|iPhone.ActiveCfg = Release|Any CPU
		{3DE566D9-F5BB-40CA-BE01-9722016AD0C7}.Ad-Hoc|iPhone.Build.0 = Release|Any CPU
		{3DE566D9-F5BB-40CA-BE01-9722016AD0C7}.Ad-Hoc|iPhoneSimulator.ActiveCfg = Release|Any CPU
		{3DE566D9-F5BB-40CA-BE01-9722016AD0C7}.Ad-Hoc|iPhoneSimulator.Build.0 = Release|Any CPU
		{3DE566D9-F5BB-40CA-BE01-9722016AD0C7}.AppStore|Any CPU.ActiveCfg = Release|Any CPU
		{3DE566D9-F5BB-40CA-BE01-9722016AD0C7}.AppStore|Any CPU.Build.0 = Release|Any CPU
		{3DE566D9-F5BB-40CA-BE01-9722016AD0C7}.AppStore|iPhone.ActiveCfg = Release|Any CPU
		{3DE566D9-F5BB-40CA-BE01-9722016AD0C7}.AppStore|iPhone.Build.0 = Release|Any CPU
		{3DE566D9-F5BB-40CA-BE01-9722016AD0C7}.AppStore|iPhoneSimulator.ActiveCfg = Release|Any CPU
		{3DE566D9-F5BB-40CA-BE01-9722016AD0C7}.AppStore|iPhoneSimulator.Build.0 = Release|Any CPU
		{3DE566D9-F5BB-40CA-BE01-9722016AD0C7}.Debug|Any CPU.ActiveCfg = Debug|Any CPU
		{3DE566D9-F5BB-40CA-BE01-9722016AD0C7}.Debug|Any CPU.Build.0 = Debug|Any CPU
		{3DE566D9-F5BB-40CA-BE01-9722016AD0C7}.Debug|iPhone.ActiveCfg = Debug|Any CPU
		{3DE566D9-F5BB-40CA-BE01-9722016AD0C7}.Debug|iPhone.Build.0 = Debug|Any CPU
		{3DE566D9-F5BB-40CA-BE01-9722016AD0C7}.Debug|iPhoneSimulator.ActiveCfg = Debug|Any CPU
		{3DE566D9-F5BB-40CA-BE01-9722016AD0C7}.Debug|iPhoneSimulator.Build.0 = Debug|Any CPU
		{3DE566D9-F5BB-40CA-BE01-9722016AD0C7}.Release|Any CPU.ActiveCfg = Release|Any CPU
		{3DE566D9-F5BB-40CA-BE01-9722016AD0C7}.Release|Any CPU.Build.0 = Release|Any CPU
		{3DE566D9-F5BB-40CA-BE01-9722016AD0C7}.Release|iPhone.ActiveCfg = Release|Any CPU
		{3DE566D9-F5BB-40CA-BE01-9722016AD0C7}.Release|iPhone.Build.0 = Release|Any CPU
		{3DE566D9-F5BB-40CA-BE01-9722016AD0C7}.Release|iPhoneSimulator.ActiveCfg = Release|Any CPU
		{3DE566D9-F5BB-40CA-BE01-9722016AD0C7}.Release|iPhoneSimulator.Build.0 = Release|Any CPU
		{7B4C58EC-7824-48B0-BBD5-71C7FF4F9B1A}.Ad-Hoc|Any CPU.ActiveCfg = Release|Any CPU
		{7B4C58EC-7824-48B0-BBD5-71C7FF4F9B1A}.Ad-Hoc|Any CPU.Build.0 = Release|Any CPU
		{7B4C58EC-7824-48B0-BBD5-71C7FF4F9B1A}.Ad-Hoc|iPhone.ActiveCfg = Release|Any CPU
		{7B4C58EC-7824-48B0-BBD5-71C7FF4F9B1A}.Ad-Hoc|iPhone.Build.0 = Release|Any CPU
		{7B4C58EC-7824-48B0-BBD5-71C7FF4F9B1A}.Ad-Hoc|iPhoneSimulator.ActiveCfg = Release|Any CPU
		{7B4C58EC-7824-48B0-BBD5-71C7FF4F9B1A}.Ad-Hoc|iPhoneSimulator.Build.0 = Release|Any CPU
		{7B4C58EC-7824-48B0-BBD5-71C7FF4F9B1A}.AppStore|Any CPU.ActiveCfg = Release|Any CPU
		{7B4C58EC-7824-48B0-BBD5-71C7FF4F9B1A}.AppStore|Any CPU.Build.0 = Release|Any CPU
		{7B4C58EC-7824-48B0-BBD5-71C7FF4F9B1A}.AppStore|iPhone.ActiveCfg = Release|Any CPU
		{7B4C58EC-7824-48B0-BBD5-71C7FF4F9B1A}.AppStore|iPhone.Build.0 = Release|Any CPU
		{7B4C58EC-7824-48B0-BBD5-71C7FF4F9B1A}.AppStore|iPhoneSimulator.ActiveCfg = Release|Any CPU
		{7B4C58EC-7824-48B0-BBD5-71C7FF4F9B1A}.AppStore|iPhoneSimulator.Build.0 = Release|Any CPU
		{7B4C58EC-7824-48B0-BBD5-71C7FF4F9B1A}.Debug|Any CPU.ActiveCfg = Debug|Any CPU
		{7B4C58EC-7824-48B0-BBD5-71C7FF4F9B1A}.Debug|Any CPU.Build.0 = Debug|Any CPU
		{7B4C58EC-7824-48B0-BBD5-71C7FF4F9B1A}.Debug|iPhone.ActiveCfg = Debug|Any CPU
		{7B4C58EC-7824-48B0-BBD5-71C7FF4F9B1A}.Debug|iPhone.Build.0 = Debug|Any CPU
		{7B4C58EC-7824-48B0-BBD5-71C7FF4F9B1A}.Debug|iPhoneSimulator.ActiveCfg = Debug|Any CPU
		{7B4C58EC-7824-48B0-BBD5-71C7FF4F9B1A}.Debug|iPhoneSimulator.Build.0 = Debug|Any CPU
		{7B4C58EC-7824-48B0-BBD5-71C7FF4F9B1A}.Release|Any CPU.ActiveCfg = Release|Any CPU
		{7B4C58EC-7824-48B0-BBD5-71C7FF4F9B1A}.Release|Any CPU.Build.0 = Release|Any CPU
		{7B4C58EC-7824-48B0-BBD5-71C7FF4F9B1A}.Release|iPhone.ActiveCfg = Release|Any CPU
		{7B4C58EC-7824-48B0-BBD5-71C7FF4F9B1A}.Release|iPhone.Build.0 = Release|Any CPU
		{7B4C58EC-7824-48B0-BBD5-71C7FF4F9B1A}.Release|iPhoneSimulator.ActiveCfg = Release|Any CPU
		{7B4C58EC-7824-48B0-BBD5-71C7FF4F9B1A}.Release|iPhoneSimulator.Build.0 = Release|Any CPU
		{43F03CBF-ACE3-4A84-9B51-0B3433039377}.Ad-Hoc|Any CPU.ActiveCfg = Release|Any CPU
		{43F03CBF-ACE3-4A84-9B51-0B3433039377}.Ad-Hoc|Any CPU.Build.0 = Release|Any CPU
		{43F03CBF-ACE3-4A84-9B51-0B3433039377}.Ad-Hoc|iPhone.ActiveCfg = Release|Any CPU
		{43F03CBF-ACE3-4A84-9B51-0B3433039377}.Ad-Hoc|iPhone.Build.0 = Release|Any CPU
		{43F03CBF-ACE3-4A84-9B51-0B3433039377}.Ad-Hoc|iPhoneSimulator.ActiveCfg = Release|Any CPU
		{43F03CBF-ACE3-4A84-9B51-0B3433039377}.Ad-Hoc|iPhoneSimulator.Build.0 = Release|Any CPU
		{43F03CBF-ACE3-4A84-9B51-0B3433039377}.AppStore|Any CPU.ActiveCfg = Release|Any CPU
		{43F03CBF-ACE3-4A84-9B51-0B3433039377}.AppStore|Any CPU.Build.0 = Release|Any CPU
		{43F03CBF-ACE3-4A84-9B51-0B3433039377}.AppStore|iPhone.ActiveCfg = Release|Any CPU
		{43F03CBF-ACE3-4A84-9B51-0B3433039377}.AppStore|iPhone.Build.0 = Release|Any CPU
		{43F03CBF-ACE3-4A84-9B51-0B3433039377}.AppStore|iPhoneSimulator.ActiveCfg = Release|Any CPU
		{43F03CBF-ACE3-4A84-9B51-0B3433039377}.AppStore|iPhoneSimulator.Build.0 = Release|Any CPU
		{43F03CBF-ACE3-4A84-9B51-0B3433039377}.Debug|Any CPU.ActiveCfg = Debug|Any CPU
		{43F03CBF-ACE3-4A84-9B51-0B3433039377}.Debug|Any CPU.Build.0 = Debug|Any CPU
		{43F03CBF-ACE3-4A84-9B51-0B3433039377}.Debug|iPhone.ActiveCfg = Debug|Any CPU
		{43F03CBF-ACE3-4A84-9B51-0B3433039377}.Debug|iPhone.Build.0 = Debug|Any CPU
		{43F03CBF-ACE3-4A84-9B51-0B3433039377}.Debug|iPhoneSimulator.ActiveCfg = Debug|Any CPU
		{43F03CBF-ACE3-4A84-9B51-0B3433039377}.Debug|iPhoneSimulator.Build.0 = Debug|Any CPU
		{43F03CBF-ACE3-4A84-9B51-0B3433039377}.Release|Any CPU.ActiveCfg = Release|Any CPU
		{43F03CBF-ACE3-4A84-9B51-0B3433039377}.Release|Any CPU.Build.0 = Release|Any CPU
		{43F03CBF-ACE3-4A84-9B51-0B3433039377}.Release|iPhone.ActiveCfg = Release|Any CPU
		{43F03CBF-ACE3-4A84-9B51-0B3433039377}.Release|iPhone.Build.0 = Release|Any CPU
		{43F03CBF-ACE3-4A84-9B51-0B3433039377}.Release|iPhoneSimulator.ActiveCfg = Release|Any CPU
		{43F03CBF-ACE3-4A84-9B51-0B3433039377}.Release|iPhoneSimulator.Build.0 = Release|Any CPU
		{10C59BEE-97CC-403D-9438-2DF54BEF0D92}.Ad-Hoc|Any CPU.ActiveCfg = Release|Any CPU
		{10C59BEE-97CC-403D-9438-2DF54BEF0D92}.Ad-Hoc|Any CPU.Build.0 = Release|Any CPU
		{10C59BEE-97CC-403D-9438-2DF54BEF0D92}.Ad-Hoc|iPhone.ActiveCfg = Release|Any CPU
		{10C59BEE-97CC-403D-9438-2DF54BEF0D92}.Ad-Hoc|iPhone.Build.0 = Release|Any CPU
		{10C59BEE-97CC-403D-9438-2DF54BEF0D92}.Ad-Hoc|iPhoneSimulator.ActiveCfg = Release|Any CPU
		{10C59BEE-97CC-403D-9438-2DF54BEF0D92}.Ad-Hoc|iPhoneSimulator.Build.0 = Release|Any CPU
		{10C59BEE-97CC-403D-9438-2DF54BEF0D92}.AppStore|Any CPU.ActiveCfg = Release|Any CPU
		{10C59BEE-97CC-403D-9438-2DF54BEF0D92}.AppStore|Any CPU.Build.0 = Release|Any CPU
		{10C59BEE-97CC-403D-9438-2DF54BEF0D92}.AppStore|iPhone.ActiveCfg = Release|Any CPU
		{10C59BEE-97CC-403D-9438-2DF54BEF0D92}.AppStore|iPhone.Build.0 = Release|Any CPU
		{10C59BEE-97CC-403D-9438-2DF54BEF0D92}.AppStore|iPhoneSimulator.ActiveCfg = Release|Any CPU
		{10C59BEE-97CC-403D-9438-2DF54BEF0D92}.AppStore|iPhoneSimulator.Build.0 = Release|Any CPU
		{10C59BEE-97CC-403D-9438-2DF54BEF0D92}.Debug|Any CPU.ActiveCfg = Debug|Any CPU
		{10C59BEE-97CC-403D-9438-2DF54BEF0D92}.Debug|Any CPU.Build.0 = Debug|Any CPU
		{10C59BEE-97CC-403D-9438-2DF54BEF0D92}.Debug|iPhone.ActiveCfg = Debug|Any CPU
		{10C59BEE-97CC-403D-9438-2DF54BEF0D92}.Debug|iPhone.Build.0 = Debug|Any CPU
		{10C59BEE-97CC-403D-9438-2DF54BEF0D92}.Debug|iPhoneSimulator.ActiveCfg = Debug|Any CPU
		{10C59BEE-97CC-403D-9438-2DF54BEF0D92}.Debug|iPhoneSimulator.Build.0 = Debug|Any CPU
		{10C59BEE-97CC-403D-9438-2DF54BEF0D92}.Release|Any CPU.ActiveCfg = Release|Any CPU
		{10C59BEE-97CC-403D-9438-2DF54BEF0D92}.Release|Any CPU.Build.0 = Release|Any CPU
		{10C59BEE-97CC-403D-9438-2DF54BEF0D92}.Release|iPhone.ActiveCfg = Release|Any CPU
		{10C59BEE-97CC-403D-9438-2DF54BEF0D92}.Release|iPhone.Build.0 = Release|Any CPU
		{10C59BEE-97CC-403D-9438-2DF54BEF0D92}.Release|iPhoneSimulator.ActiveCfg = Release|Any CPU
		{10C59BEE-97CC-403D-9438-2DF54BEF0D92}.Release|iPhoneSimulator.Build.0 = Release|Any CPU
	EndGlobalSection
	GlobalSection(SolutionProperties) = preSolution
		HideSolutionNode = FALSE
	EndGlobalSection
	GlobalSection(NestedProjects) = preSolution
		{67F9D3A8-F71E-4428-913F-C37AE82CDB24} = {BC5F284D-28AF-4F22-8B3B-19C277E32EF0}
		{BA01D1D6-6A95-4548-852E-A48BAEE2DFF3} = {BC5F284D-28AF-4F22-8B3B-19C277E32EF0}
		{0DA5EED7-BD8F-4801-9E90-49C2C0D6473A} = {BC5F284D-28AF-4F22-8B3B-19C277E32EF0}
		{7CB64AFC-1A65-4B64-8B1E-99882A07E4FB} = {BC5F284D-28AF-4F22-8B3B-19C277E32EF0}
		{2F6C1740-9C7A-408C-862A-A4FE0B19648A} = {EFB0F607-EA54-4913-83AC-659253EEE7F8}
		{488993E2-F614-4FC9-B172-E54C067D9360} = {EFB0F607-EA54-4913-83AC-659253EEE7F8}
		{E9BAE4D8-FCBD-43B0-A4BE-5DD762FBB659} = {6EAAE9C0-D2A2-473E-9A06-62C3064AA9AA}
		{F36F3D6F-A168-44B7-8BD3-67CDF3ECC1D4} = {6EAAE9C0-D2A2-473E-9A06-62C3064AA9AA}
		{C466DA70-9FA4-4537-A9AE-5453282DD156} = {6EAAE9C0-D2A2-473E-9A06-62C3064AA9AA}
		{618EF8C4-376F-4D94-AC92-D336C2041C58} = {1F35BABA-F7D8-48ED-8025-D9B69CEE43BD}
		{54371D7E-5D3A-4A58-91CF-2D497F891FC1} = {77813152-3648-481D-B9B4-FD62B2826474}
		{4BBEA9BC-0A40-4E3A-BBD6-A0718FCA9D18} = {77813152-3648-481D-B9B4-FD62B2826474}
		{DC5A98A7-E6DE-41DC-AAF8-FF08E24827B1} = {77813152-3648-481D-B9B4-FD62B2826474}
		{B57351EC-8147-4FC7-B57D-708DA025D692} = {77813152-3648-481D-B9B4-FD62B2826474}
		{CFF938C4-4B9C-459E-B659-C9505DEEABA4} = {1F35BABA-F7D8-48ED-8025-D9B69CEE43BD}
		{C21179CB-F4E9-4401-ADC3-45751DE80E67} = {1F35BABA-F7D8-48ED-8025-D9B69CEE43BD}
		{7666726F-E1ED-417A-A1C7-1EC6DC067C2D} = {1F35BABA-F7D8-48ED-8025-D9B69CEE43BD}
		{9A45D4AC-C923-4D0F-82E9-D8EB40FDF916} = {1F35BABA-F7D8-48ED-8025-D9B69CEE43BD}
		{7A8862DA-1520-4D76-9149-5AF87277394E} = {77813152-3648-481D-B9B4-FD62B2826474}
		{E31290EE-C76B-447F-BE7D-1E8C9822211E} = {1F35BABA-F7D8-48ED-8025-D9B69CEE43BD}
		{8F8ECD46-B8F1-42E4-BF9D-2041100B2936} = {1F35BABA-F7D8-48ED-8025-D9B69CEE43BD}
		{3508B0A7-DCEA-4A9C-9BF7-07FF92C7C160} = {1F35BABA-F7D8-48ED-8025-D9B69CEE43BD}
		{5899C287-867E-4CB9-AF85-DC41AA303710} = {BC5F284D-28AF-4F22-8B3B-19C277E32EF0}
		{D1AA1965-50C4-43C0-B132-33D3D1E37F83} = {A3860CF9-6D27-4FEA-98F3-4F084D5FF955}
		{3DE566D9-F5BB-40CA-BE01-9722016AD0C7} = {77813152-3648-481D-B9B4-FD62B2826474}
		{7B4C58EC-7824-48B0-BBD5-71C7FF4F9B1A} = {BC5F284D-28AF-4F22-8B3B-19C277E32EF0}
		{43F03CBF-ACE3-4A84-9B51-0B3433039377} = {77813152-3648-481D-B9B4-FD62B2826474}
		{10C59BEE-97CC-403D-9438-2DF54BEF0D92} = {77813152-3648-481D-B9B4-FD62B2826474}
	EndGlobalSection
EndGlobal
